// !$*UTF8*$!
{
	archiveVersion = 1;
	classes = {
	};
	objectVersion = 48;
	objects = {

/* Begin PBXBuildFile section */
		DF24672120381F2D002728B4 /* AppDelegate.swift in Sources */ = {isa = PBXBuildFile; fileRef = DF24672020381F2D002728B4 /* AppDelegate.swift */; };
		DF24672320381F2D002728B4 /* art.scnassets in Resources */ = {isa = PBXBuildFile; fileRef = DF24672220381F2D002728B4 /* art.scnassets */; };
		DF24672520381F2D002728B4 /* GameViewController.swift in Sources */ = {isa = PBXBuildFile; fileRef = DF24672420381F2D002728B4 /* GameViewController.swift */; };
		DF24672820381F2D002728B4 /* Main.storyboard in Resources */ = {isa = PBXBuildFile; fileRef = DF24672620381F2D002728B4 /* Main.storyboard */; };
		DF24672A20381F2D002728B4 /* Assets.xcassets in Resources */ = {isa = PBXBuildFile; fileRef = DF24672920381F2D002728B4 /* Assets.xcassets */; };
		DF24672D20381F2D002728B4 /* LaunchScreen.storyboard in Resources */ = {isa = PBXBuildFile; fileRef = DF24672B20381F2D002728B4 /* LaunchScreen.storyboard */; };
		DF24673820381F2D002728B4 /* EndlessTests.swift in Sources */ = {isa = PBXBuildFile; fileRef = DF24673720381F2D002728B4 /* EndlessTests.swift */; };
		DF24674320381F2D002728B4 /* EndlessUITests.swift in Sources */ = {isa = PBXBuildFile; fileRef = DF24674220381F2D002728B4 /* EndlessUITests.swift */; };
		DF24675320381F41002728B4 /* Constants.swift in Sources */ = {isa = PBXBuildFile; fileRef = DF24675120381F41002728B4 /* Constants.swift */; };
		DF24675420381F41002728B4 /* GameCenterManager.swift in Sources */ = {isa = PBXBuildFile; fileRef = DF24675220381F41002728B4 /* GameCenterManager.swift */; };
/* End PBXBuildFile section */

/* Begin PBXContainerItemProxy section */
		DF24673420381F2D002728B4 /* PBXContainerItemProxy */ = {
			isa = PBXContainerItemProxy;
			containerPortal = DF24671520381F2D002728B4 /* Project object */;
			proxyType = 1;
			remoteGlobalIDString = DF24671C20381F2D002728B4;
			remoteInfo = Endless;
		};
		DF24673F20381F2D002728B4 /* PBXContainerItemProxy */ = {
			isa = PBXContainerItemProxy;
			containerPortal = DF24671520381F2D002728B4 /* Project object */;
			proxyType = 1;
			remoteGlobalIDString = DF24671C20381F2D002728B4;
			remoteInfo = Endless;
		};
/* End PBXContainerItemProxy section */

/* Begin PBXFileReference section */
		DF24671D20381F2D002728B4 /* Endless.app */ = {isa = PBXFileReference; explicitFileType = wrapper.application; includeInIndex = 0; path = Endless.app; sourceTree = BUILT_PRODUCTS_DIR; };
		DF24672020381F2D002728B4 /* AppDelegate.swift */ = {isa = PBXFileReference; lastKnownFileType = sourcecode.swift; path = AppDelegate.swift; sourceTree = "<group>"; };
		DF24672220381F2D002728B4 /* art.scnassets */ = {isa = PBXFileReference; lastKnownFileType = wrapper.scnassets; path = art.scnassets; sourceTree = "<group>"; };
		DF24672420381F2D002728B4 /* GameViewController.swift */ = {isa = PBXFileReference; lastKnownFileType = sourcecode.swift; path = GameViewController.swift; sourceTree = "<group>"; };
		DF24672720381F2D002728B4 /* Base */ = {isa = PBXFileReference; lastKnownFileType = file.storyboard; name = Base; path = Base.lproj/Main.storyboard; sourceTree = "<group>"; };
		DF24672920381F2D002728B4 /* Assets.xcassets */ = {isa = PBXFileReference; lastKnownFileType = folder.assetcatalog; path = Assets.xcassets; sourceTree = "<group>"; };
		DF24672C20381F2D002728B4 /* Base */ = {isa = PBXFileReference; lastKnownFileType = file.storyboard; name = Base; path = Base.lproj/LaunchScreen.storyboard; sourceTree = "<group>"; };
		DF24672E20381F2D002728B4 /* Info.plist */ = {isa = PBXFileReference; lastKnownFileType = text.plist.xml; path = Info.plist; sourceTree = "<group>"; };
		DF24673320381F2D002728B4 /* EndlessTests.xctest */ = {isa = PBXFileReference; explicitFileType = wrapper.cfbundle; includeInIndex = 0; path = EndlessTests.xctest; sourceTree = BUILT_PRODUCTS_DIR; };
		DF24673720381F2D002728B4 /* EndlessTests.swift */ = {isa = PBXFileReference; lastKnownFileType = sourcecode.swift; path = EndlessTests.swift; sourceTree = "<group>"; };
		DF24673920381F2D002728B4 /* Info.plist */ = {isa = PBXFileReference; lastKnownFileType = text.plist.xml; path = Info.plist; sourceTree = "<group>"; };
		DF24673E20381F2D002728B4 /* EndlessUITests.xctest */ = {isa = PBXFileReference; explicitFileType = wrapper.cfbundle; includeInIndex = 0; path = EndlessUITests.xctest; sourceTree = BUILT_PRODUCTS_DIR; };
		DF24674220381F2D002728B4 /* EndlessUITests.swift */ = {isa = PBXFileReference; lastKnownFileType = sourcecode.swift; path = EndlessUITests.swift; sourceTree = "<group>"; };
		DF24674420381F2D002728B4 /* Info.plist */ = {isa = PBXFileReference; lastKnownFileType = text.plist.xml; path = Info.plist; sourceTree = "<group>"; };
		DF24675120381F41002728B4 /* Constants.swift */ = {isa = PBXFileReference; fileEncoding = 4; lastKnownFileType = sourcecode.swift; path = Constants.swift; sourceTree = "<group>"; };
		DF24675220381F41002728B4 /* GameCenterManager.swift */ = {isa = PBXFileReference; fileEncoding = 4; lastKnownFileType = sourcecode.swift; path = GameCenterManager.swift; sourceTree = "<group>"; };
/* End PBXFileReference section */

/* Begin PBXFrameworksBuildPhase section */
		DF24671A20381F2D002728B4 /* Frameworks */ = {
			isa = PBXFrameworksBuildPhase;
			buildActionMask = 2147483647;
			files = (
			);
			runOnlyForDeploymentPostprocessing = 0;
		};
		DF24673020381F2D002728B4 /* Frameworks */ = {
			isa = PBXFrameworksBuildPhase;
			buildActionMask = 2147483647;
			files = (
			);
			runOnlyForDeploymentPostprocessing = 0;
		};
		DF24673B20381F2D002728B4 /* Frameworks */ = {
			isa = PBXFrameworksBuildPhase;
			buildActionMask = 2147483647;
			files = (
			);
			runOnlyForDeploymentPostprocessing = 0;
		};
/* End PBXFrameworksBuildPhase section */

/* Begin PBXGroup section */
		DF24671420381F2D002728B4 = {
			isa = PBXGroup;
			children = (
				DF24671F20381F2D002728B4 /* Endless */,
				DF24673620381F2D002728B4 /* EndlessTests */,
				DF24674120381F2D002728B4 /* EndlessUITests */,
				DF24671E20381F2D002728B4 /* Products */,
			);
			sourceTree = "<group>";
		};
		DF24671E20381F2D002728B4 /* Products */ = {
			isa = PBXGroup;
			children = (
				DF24671D20381F2D002728B4 /* Endless.app */,
				DF24673320381F2D002728B4 /* EndlessTests.xctest */,
				DF24673E20381F2D002728B4 /* EndlessUITests.xctest */,
			);
			name = Products;
			sourceTree = "<group>";
		};
		DF24671F20381F2D002728B4 /* Endless */ = {
			isa = PBXGroup;
			children = (
				DF24675020381F41002728B4 /* Managers */,
				DF24672020381F2D002728B4 /* AppDelegate.swift */,
				DF24672220381F2D002728B4 /* art.scnassets */,
				DF24672420381F2D002728B4 /* GameViewController.swift */,
				DF24672620381F2D002728B4 /* Main.storyboard */,
				DF24672920381F2D002728B4 /* Assets.xcassets */,
				DF24672B20381F2D002728B4 /* LaunchScreen.storyboard */,
				DF24672E20381F2D002728B4 /* Info.plist */,
			);
			path = Endless;
			sourceTree = "<group>";
		};
		DF24673620381F2D002728B4 /* EndlessTests */ = {
			isa = PBXGroup;
			children = (
				DF24673720381F2D002728B4 /* EndlessTests.swift */,
				DF24673920381F2D002728B4 /* Info.plist */,
			);
			path = EndlessTests;
			sourceTree = "<group>";
		};
		DF24674120381F2D002728B4 /* EndlessUITests */ = {
			isa = PBXGroup;
			children = (
				DF24674220381F2D002728B4 /* EndlessUITests.swift */,
				DF24674420381F2D002728B4 /* Info.plist */,
			);
			path = EndlessUITests;
			sourceTree = "<group>";
		};
		DF24675020381F41002728B4 /* Managers */ = {
			isa = PBXGroup;
			children = (
				DF24675120381F41002728B4 /* Constants.swift */,
				DF24675220381F41002728B4 /* GameCenterManager.swift */,
			);
			path = Managers;
			sourceTree = "<group>";
		};
/* End PBXGroup section */

/* Begin PBXNativeTarget section */
		DF24671C20381F2D002728B4 /* Endless */ = {
			isa = PBXNativeTarget;
			buildConfigurationList = DF24674720381F2D002728B4 /* Build configuration list for PBXNativeTarget "Endless" */;
			buildPhases = (
				DF24671920381F2D002728B4 /* Sources */,
				DF24671A20381F2D002728B4 /* Frameworks */,
				DF24671B20381F2D002728B4 /* Resources */,
			);
			buildRules = (
			);
			dependencies = (
			);
			name = Endless;
			productName = Endless;
			productReference = DF24671D20381F2D002728B4 /* Endless.app */;
			productType = "com.apple.product-type.application";
		};
		DF24673220381F2D002728B4 /* EndlessTests */ = {
			isa = PBXNativeTarget;
			buildConfigurationList = DF24674A20381F2D002728B4 /* Build configuration list for PBXNativeTarget "EndlessTests" */;
			buildPhases = (
				DF24672F20381F2D002728B4 /* Sources */,
				DF24673020381F2D002728B4 /* Frameworks */,
				DF24673120381F2D002728B4 /* Resources */,
			);
			buildRules = (
			);
			dependencies = (
				DF24673520381F2D002728B4 /* PBXTargetDependency */,
			);
			name = EndlessTests;
			productName = EndlessTests;
			productReference = DF24673320381F2D002728B4 /* EndlessTests.xctest */;
			productType = "com.apple.product-type.bundle.unit-test";
		};
		DF24673D20381F2D002728B4 /* EndlessUITests */ = {
			isa = PBXNativeTarget;
			buildConfigurationList = DF24674D20381F2D002728B4 /* Build configuration list for PBXNativeTarget "EndlessUITests" */;
			buildPhases = (
				DF24673A20381F2D002728B4 /* Sources */,
				DF24673B20381F2D002728B4 /* Frameworks */,
				DF24673C20381F2D002728B4 /* Resources */,
			);
			buildRules = (
			);
			dependencies = (
				DF24674020381F2D002728B4 /* PBXTargetDependency */,
			);
			name = EndlessUITests;
			productName = EndlessUITests;
			productReference = DF24673E20381F2D002728B4 /* EndlessUITests.xctest */;
			productType = "com.apple.product-type.bundle.ui-testing";
		};
/* End PBXNativeTarget section */

/* Begin PBXProject section */
		DF24671520381F2D002728B4 /* Project object */ = {
			isa = PBXProject;
			attributes = {
				LastSwiftUpdateCheck = 0920;
				LastUpgradeCheck = 0920;
				ORGANIZATIONNAME = mateszlanka;
				TargetAttributes = {
					DF24671C20381F2D002728B4 = {
						CreatedOnToolsVersion = 9.2;
						ProvisioningStyle = Automatic;
					};
					DF24673220381F2D002728B4 = {
						CreatedOnToolsVersion = 9.2;
						ProvisioningStyle = Automatic;
						TestTargetID = DF24671C20381F2D002728B4;
					};
					DF24673D20381F2D002728B4 = {
						CreatedOnToolsVersion = 9.2;
						ProvisioningStyle = Automatic;
						TestTargetID = DF24671C20381F2D002728B4;
					};
				};
			};
			buildConfigurationList = DF24671820381F2D002728B4 /* Build configuration list for PBXProject "Endless" */;
			compatibilityVersion = "Xcode 8.0";
			developmentRegion = en;
			hasScannedForEncodings = 0;
			knownRegions = (
				en,
				Base,
			);
			mainGroup = DF24671420381F2D002728B4;
			productRefGroup = DF24671E20381F2D002728B4 /* Products */;
			projectDirPath = "";
			projectRoot = "";
			targets = (
				DF24671C20381F2D002728B4 /* Endless */,
				DF24673220381F2D002728B4 /* EndlessTests */,
				DF24673D20381F2D002728B4 /* EndlessUITests */,
			);
		};
/* End PBXProject section */

/* Begin PBXResourcesBuildPhase section */
		DF24671B20381F2D002728B4 /* Resources */ = {
			isa = PBXResourcesBuildPhase;
			buildActionMask = 2147483647;
			files = (
				DF24672320381F2D002728B4 /* art.scnassets in Resources */,
				DF24672D20381F2D002728B4 /* LaunchScreen.storyboard in Resources */,
				DF24672A20381F2D002728B4 /* Assets.xcassets in Resources */,
				DF24672820381F2D002728B4 /* Main.storyboard in Resources */,
			);
			runOnlyForDeploymentPostprocessing = 0;
		};
		DF24673120381F2D002728B4 /* Resources */ = {
			isa = PBXResourcesBuildPhase;
			buildActionMask = 2147483647;
			files = (
			);
			runOnlyForDeploymentPostprocessing = 0;
		};
		DF24673C20381F2D002728B4 /* Resources */ = {
			isa = PBXResourcesBuildPhase;
			buildActionMask = 2147483647;
			files = (
			);
			runOnlyForDeploymentPostprocessing = 0;
		};
/* End PBXResourcesBuildPhase section */

/* Begin PBXSourcesBuildPhase section */
		DF24671920381F2D002728B4 /* Sources */ = {
			isa = PBXSourcesBuildPhase;
			buildActionMask = 2147483647;
			files = (
				DF24675420381F41002728B4 /* GameCenterManager.swift in Sources */,
				DF24672520381F2D002728B4 /* GameViewController.swift in Sources */,
				DF24672120381F2D002728B4 /* AppDelegate.swift in Sources */,
				DF24675320381F41002728B4 /* Constants.swift in Sources */,
			);
			runOnlyForDeploymentPostprocessing = 0;
		};
		DF24672F20381F2D002728B4 /* Sources */ = {
			isa = PBXSourcesBuildPhase;
			buildActionMask = 2147483647;
			files = (
				DF24673820381F2D002728B4 /* EndlessTests.swift in Sources */,
			);
			runOnlyForDeploymentPostprocessing = 0;
		};
		DF24673A20381F2D002728B4 /* Sources */ = {
			isa = PBXSourcesBuildPhase;
			buildActionMask = 2147483647;
			files = (
				DF24674320381F2D002728B4 /* EndlessUITests.swift in Sources */,
			);
			runOnlyForDeploymentPostprocessing = 0;
		};
/* End PBXSourcesBuildPhase section */

/* Begin PBXTargetDependency section */
		DF24673520381F2D002728B4 /* PBXTargetDependency */ = {
			isa = PBXTargetDependency;
			target = DF24671C20381F2D002728B4 /* Endless */;
			targetProxy = DF24673420381F2D002728B4 /* PBXContainerItemProxy */;
		};
		DF24674020381F2D002728B4 /* PBXTargetDependency */ = {
			isa = PBXTargetDependency;
			target = DF24671C20381F2D002728B4 /* Endless */;
			targetProxy = DF24673F20381F2D002728B4 /* PBXContainerItemProxy */;
		};
/* End PBXTargetDependency section */

/* Begin PBXVariantGroup section */
		DF24672620381F2D002728B4 /* Main.storyboard */ = {
			isa = PBXVariantGroup;
			children = (
				DF24672720381F2D002728B4 /* Base */,
			);
			name = Main.storyboard;
			sourceTree = "<group>";
		};
		DF24672B20381F2D002728B4 /* LaunchScreen.storyboard */ = {
			isa = PBXVariantGroup;
			children = (
				DF24672C20381F2D002728B4 /* Base */,
			);
			name = LaunchScreen.storyboard;
			sourceTree = "<group>";
		};
/* End PBXVariantGroup section */

/* Begin XCBuildConfiguration section */
		DF24674520381F2D002728B4 /* Debug */ = {
			isa = XCBuildConfiguration;
			buildSettings = {
				ALWAYS_SEARCH_USER_PATHS = NO;
				CLANG_ANALYZER_NONNULL = YES;
				CLANG_ANALYZER_NUMBER_OBJECT_CONVERSION = YES_AGGRESSIVE;
				CLANG_CXX_LANGUAGE_STANDARD = "gnu++14";
				CLANG_CXX_LIBRARY = "libc++";
				CLANG_ENABLE_MODULES = YES;
				CLANG_ENABLE_OBJC_ARC = YES;
				CLANG_WARN_BLOCK_CAPTURE_AUTORELEASING = YES;
				CLANG_WARN_BOOL_CONVERSION = YES;
				CLANG_WARN_COMMA = YES;
				CLANG_WARN_CONSTANT_CONVERSION = YES;
				CLANG_WARN_DIRECT_OBJC_ISA_USAGE = YES_ERROR;
				CLANG_WARN_DOCUMENTATION_COMMENTS = YES;
				CLANG_WARN_EMPTY_BODY = YES;
				CLANG_WARN_ENUM_CONVERSION = YES;
				CLANG_WARN_INFINITE_RECURSION = YES;
				CLANG_WARN_INT_CONVERSION = YES;
				CLANG_WARN_NON_LITERAL_NULL_CONVERSION = YES;
				CLANG_WARN_OBJC_LITERAL_CONVERSION = YES;
				CLANG_WARN_OBJC_ROOT_CLASS = YES_ERROR;
				CLANG_WARN_RANGE_LOOP_ANALYSIS = YES;
				CLANG_WARN_STRICT_PROTOTYPES = YES;
				CLANG_WARN_SUSPICIOUS_MOVE = YES;
				CLANG_WARN_UNGUARDED_AVAILABILITY = YES_AGGRESSIVE;
				CLANG_WARN_UNREACHABLE_CODE = YES;
				CLANG_WARN__DUPLICATE_METHOD_MATCH = YES;
				CODE_SIGN_IDENTITY = "iPhone Developer";
				COPY_PHASE_STRIP = NO;
				DEBUG_INFORMATION_FORMAT = dwarf;
				ENABLE_STRICT_OBJC_MSGSEND = YES;
				ENABLE_TESTABILITY = YES;
				GCC_C_LANGUAGE_STANDARD = gnu11;
				GCC_DYNAMIC_NO_PIC = NO;
				GCC_NO_COMMON_BLOCKS = YES;
				GCC_OPTIMIZATION_LEVEL = 0;
				GCC_PREPROCESSOR_DEFINITIONS = (
					"DEBUG=1",
					"$(inherited)",
				);
				GCC_WARN_64_TO_32_BIT_CONVERSION = YES;
				GCC_WARN_ABOUT_RETURN_TYPE = YES_ERROR;
				GCC_WARN_UNDECLARED_SELECTOR = YES;
				GCC_WARN_UNINITIALIZED_AUTOS = YES_AGGRESSIVE;
				GCC_WARN_UNUSED_FUNCTION = YES;
				GCC_WARN_UNUSED_VARIABLE = YES;
				IPHONEOS_DEPLOYMENT_TARGET = 11.2;
				MTL_ENABLE_DEBUG_INFO = YES;
				ONLY_ACTIVE_ARCH = YES;
				SDKROOT = iphoneos;
				SWIFT_ACTIVE_COMPILATION_CONDITIONS = DEBUG;
				SWIFT_OPTIMIZATION_LEVEL = "-Onone";
			};
			name = Debug;
		};
		DF24674620381F2D002728B4 /* Release */ = {
			isa = XCBuildConfiguration;
			buildSettings = {
				ALWAYS_SEARCH_USER_PATHS = NO;
				CLANG_ANALYZER_NONNULL = YES;
				CLANG_ANALYZER_NUMBER_OBJECT_CONVERSION = YES_AGGRESSIVE;
				CLANG_CXX_LANGUAGE_STANDARD = "gnu++14";
				CLANG_CXX_LIBRARY = "libc++";
				CLANG_ENABLE_MODULES = YES;
				CLANG_ENABLE_OBJC_ARC = YES;
				CLANG_WARN_BLOCK_CAPTURE_AUTORELEASING = YES;
				CLANG_WARN_BOOL_CONVERSION = YES;
				CLANG_WARN_COMMA = YES;
				CLANG_WARN_CONSTANT_CONVERSION = YES;
				CLANG_WARN_DIRECT_OBJC_ISA_USAGE = YES_ERROR;
				CLANG_WARN_DOCUMENTATION_COMMENTS = YES;
				CLANG_WARN_EMPTY_BODY = YES;
				CLANG_WARN_ENUM_CONVERSION = YES;
				CLANG_WARN_INFINITE_RECURSION = YES;
				CLANG_WARN_INT_CONVERSION = YES;
				CLANG_WARN_NON_LITERAL_NULL_CONVERSION = YES;
				CLANG_WARN_OBJC_LITERAL_CONVERSION = YES;
				CLANG_WARN_OBJC_ROOT_CLASS = YES_ERROR;
				CLANG_WARN_RANGE_LOOP_ANALYSIS = YES;
				CLANG_WARN_STRICT_PROTOTYPES = YES;
				CLANG_WARN_SUSPICIOUS_MOVE = YES;
				CLANG_WARN_UNGUARDED_AVAILABILITY = YES_AGGRESSIVE;
				CLANG_WARN_UNREACHABLE_CODE = YES;
				CLANG_WARN__DUPLICATE_METHOD_MATCH = YES;
				CODE_SIGN_IDENTITY = "iPhone Developer";
				COPY_PHASE_STRIP = NO;
				DEBUG_INFORMATION_FORMAT = "dwarf-with-dsym";
				ENABLE_NS_ASSERTIONS = NO;
				ENABLE_STRICT_OBJC_MSGSEND = YES;
				GCC_C_LANGUAGE_STANDARD = gnu11;
				GCC_NO_COMMON_BLOCKS = YES;
				GCC_WARN_64_TO_32_BIT_CONVERSION = YES;
				GCC_WARN_ABOUT_RETURN_TYPE = YES_ERROR;
				GCC_WARN_UNDECLARED_SELECTOR = YES;
				GCC_WARN_UNINITIALIZED_AUTOS = YES_AGGRESSIVE;
				GCC_WARN_UNUSED_FUNCTION = YES;
				GCC_WARN_UNUSED_VARIABLE = YES;
				IPHONEOS_DEPLOYMENT_TARGET = 11.2;
				MTL_ENABLE_DEBUG_INFO = NO;
				SDKROOT = iphoneos;
				SWIFT_OPTIMIZATION_LEVEL = "-Owholemodule";
				VALIDATE_PRODUCT = YES;
			};
			name = Release;
		};
		DF24674820381F2D002728B4 /* Debug */ = {
			isa = XCBuildConfiguration;
			buildSettings = {
				ASSETCATALOG_COMPILER_APPICON_NAME = AppIcon;
				CODE_SIGN_STYLE = Automatic;
				DEVELOPMENT_TEAM = QWY464993Z;
				INFOPLIST_FILE = Endless/Info.plist;
				LD_RUNPATH_SEARCH_PATHS = "$(inherited) @executable_path/Frameworks";
				PRODUCT_BUNDLE_IDENTIFIER = com.mateszlanka.Endless;
				PRODUCT_NAME = "$(TARGET_NAME)";
				SWIFT_VERSION = 4.0;
				TARGETED_DEVICE_FAMILY = "1,2";
			};
			name = Debug;
		};
		DF24674920381F2D002728B4 /* Release */ = {
			isa = XCBuildConfiguration;
			buildSettings = {
				ASSETCATALOG_COMPILER_APPICON_NAME = AppIcon;
				CODE_SIGN_STYLE = Automatic;
				DEVELOPMENT_TEAM = QWY464993Z;
				INFOPLIST_FILE = Endless/Info.plist;
				LD_RUNPATH_SEARCH_PATHS = "$(inherited) @executable_path/Frameworks";
				PRODUCT_BUNDLE_IDENTIFIER = com.mateszlanka.Endless;
				PRODUCT_NAME = "$(TARGET_NAME)";
				SWIFT_VERSION = 4.0;
				TARGETED_DEVICE_FAMILY = "1,2";
			};
			name = Release;
		};
		DF24674B20381F2D002728B4 /* Debug */ = {
			isa = XCBuildConfiguration;
			buildSettings = {
				ALWAYS_EMBED_SWIFT_STANDARD_LIBRARIES = YES;
				BUNDLE_LOADER = "$(TEST_HOST)";
				CODE_SIGN_STYLE = Automatic;
				DEVELOPMENT_TEAM = QWY464993Z;
				INFOPLIST_FILE = EndlessTests/Info.plist;
				LD_RUNPATH_SEARCH_PATHS = "$(inherited) @executable_path/Frameworks @loader_path/Frameworks";
				PRODUCT_BUNDLE_IDENTIFIER = com.mateszlanka.EndlessTests;
				PRODUCT_NAME = "$(TARGET_NAME)";
				SWIFT_VERSION = 4.0;
				TARGETED_DEVICE_FAMILY = "1,2";
				TEST_HOST = "$(BUILT_PRODUCTS_DIR)/Endless.app/Endless";
			};
			name = Debug;
		};
		DF24674C20381F2D002728B4 /* Release */ = {
			isa = XCBuildConfiguration;
			buildSettings = {
				ALWAYS_EMBED_SWIFT_STANDARD_LIBRARIES = YES;
				BUNDLE_LOADER = "$(TEST_HOST)";
				CODE_SIGN_STYLE = Automatic;
				DEVELOPMENT_TEAM = QWY464993Z;
				INFOPLIST_FILE = EndlessTests/Info.plist;
				LD_RUNPATH_SEARCH_PATHS = "$(inherited) @executable_path/Frameworks @loader_path/Frameworks";
				PRODUCT_BUNDLE_IDENTIFIER = com.mateszlanka.EndlessTests;
				PRODUCT_NAME = "$(TARGET_NAME)";
				SWIFT_VERSION = 4.0;
				TARGETED_DEVICE_FAMILY = "1,2";
				TEST_HOST = "$(BUILT_PRODUCTS_DIR)/Endless.app/Endless";
			};
			name = Release;
		};
		DF24674E20381F2D002728B4 /* Debug */ = {
			isa = XCBuildConfiguration;
			buildSettings = {
				ALWAYS_EMBED_SWIFT_STANDARD_LIBRARIES = YES;
				CODE_SIGN_STYLE = Automatic;
				DEVELOPMENT_TEAM = QWY464993Z;
				INFOPLIST_FILE = EndlessUITests/Info.plist;
				LD_RUNPATH_SEARCH_PATHS = "$(inherited) @executable_path/Frameworks @loader_path/Frameworks";
				PRODUCT_BUNDLE_IDENTIFIER = com.mateszlanka.EndlessUITests;
				PRODUCT_NAME = "$(TARGET_NAME)";
				SWIFT_VERSION = 4.0;
				TARGETED_DEVICE_FAMILY = "1,2";
				TEST_TARGET_NAME = Endless;
			};
			name = Debug;
		};
		DF24674F20381F2D002728B4 /* Release */ = {
			isa = XCBuildConfiguration;
			buildSettings = {
				ALWAYS_EMBED_SWIFT_STANDARD_LIBRARIES = YES;
				CODE_SIGN_STYLE = Automatic;
				DEVELOPMENT_TEAM = QWY464993Z;
				INFOPLIST_FILE = EndlessUITests/Info.plist;
				LD_RUNPATH_SEARCH_PATHS = "$(inherited) @executable_path/Frameworks @loader_path/Frameworks";
				PRODUCT_BUNDLE_IDENTIFIER = com.mateszlanka.EndlessUITests;
				PRODUCT_NAME = "$(TARGET_NAME)";
				SWIFT_VERSION = 4.0;
				TARGETED_DEVICE_FAMILY = "1,2";
				TEST_TARGET_NAME = Endless;
			};
			name = Release;
		};
/* End XCBuildConfiguration section */

/* Begin XCConfigurationList section */
		DF24671820381F2D002728B4 /* Build configuration list for PBXProject "Endless" */ = {
			isa = XCConfigurationList;
			buildConfigurations = (
				DF24674520381F2D002728B4 /* Debug */,
				DF24674620381F2D002728B4 /* Release */,
			);
			defaultConfigurationIsVisible = 0;
			defaultConfigurationName = Release;
		};
		DF24674720381F2D002728B4 /* Build configuration list for PBXNativeTarget "Endless" */ = {
			isa = XCConfigurationList;
			buildConfigurations = (
				DF24674820381F2D002728B4 /* Debug */,
				DF24674920381F2D002728B4 /* Release */,
			);
			defaultConfigurationIsVisible = 0;
			defaultConfigurationName = Release;
		};
		DF24674A20381F2D002728B4 /* Build configuration list for PBXNativeTarget "EndlessTests" */ = {
			isa = XCConfigurationList;
			buildConfigurations = (
				DF24674B20381F2D002728B4 /* Debug */,
				DF24674C20381F2D002728B4 /* Release */,
			);
			defaultConfigurationIsVisible = 0;
			defaultConfigurationName = Release;
		};
		DF24674D20381F2D002728B4 /* Build configuration list for PBXNativeTarget "EndlessUITests" */ = {
			isa = XCConfigurationList;
			buildConfigurations = (
				DF24674E20381F2D002728B4 /* Debug */,
				DF24674F20381F2D002728B4 /* Release */,
			);
			defaultConfigurationIsVisible = 0;
			defaultConfigurationName = Release;
		};
/* End XCConfigurationList section */
	};
	rootObject = DF24671520381F2D002728B4 /* Project object */;
}
