// !$*UTF8*$!
{
	archiveVersion = 1;
	classes = {
	};
	objectVersion = 48;
	objects = {

/* Begin PBXBuildFile section */
		5EBFC28882F505DC4E9826F9 /* Pods_EndlessUITests.framework in Frameworks */ = {isa = PBXBuildFile; fileRef = 0BE4FE1DA953B4736EC39A9E /* Pods_EndlessUITests.framework */; };
		CC0D34C4B7AE4B4CEAE3B510 /* Pods_EndlessTests.framework in Frameworks */ = {isa = PBXBuildFile; fileRef = 4775EC4269826939AD107B69 /* Pods_EndlessTests.framework */; };
		DF24672120381F2D002728B4 /* AppDelegate.swift in Sources */ = {isa = PBXBuildFile; fileRef = DF24672020381F2D002728B4 /* AppDelegate.swift */; };
		DF24672320381F2D002728B4 /* art.scnassets in Resources */ = {isa = PBXBuildFile; fileRef = DF24672220381F2D002728B4 /* art.scnassets */; };
		DF24672520381F2D002728B4 /* GameViewController.swift in Sources */ = {isa = PBXBuildFile; fileRef = DF24672420381F2D002728B4 /* GameViewController.swift */; };
		DF24672820381F2D002728B4 /* Main.storyboard in Resources */ = {isa = PBXBuildFile; fileRef = DF24672620381F2D002728B4 /* Main.storyboard */; };
		DF24672A20381F2D002728B4 /* Assets.xcassets in Resources */ = {isa = PBXBuildFile; fileRef = DF24672920381F2D002728B4 /* Assets.xcassets */; };
		DF24672D20381F2D002728B4 /* LaunchScreen.storyboard in Resources */ = {isa = PBXBuildFile; fileRef = DF24672B20381F2D002728B4 /* LaunchScreen.storyboard */; };
		DF24673820381F2D002728B4 /* EndlessTests.swift in Sources */ = {isa = PBXBuildFile; fileRef = DF24673720381F2D002728B4 /* EndlessTests.swift */; };
		DF24674320381F2D002728B4 /* EndlessUITests.swift in Sources */ = {isa = PBXBuildFile; fileRef = DF24674220381F2D002728B4 /* EndlessUITests.swift */; };
		DF24675320381F41002728B4 /* Constants.swift in Sources */ = {isa = PBXBuildFile; fileRef = DF24675120381F41002728B4 /* Constants.swift */; };
		DF24675420381F41002728B4 /* GameCenterManager.swift in Sources */ = {isa = PBXBuildFile; fileRef = DF24675220381F41002728B4 /* GameCenterManager.swift */; };
		DF573FF720DAE0D200969B71 /* GamePhysicsManager.swift in Sources */ = {isa = PBXBuildFile; fileRef = DF573FF620DAE0D200969B71 /* GamePhysicsManager.swift */; };
		DFA17AD62071344F0017BA42 /* GamePlayManager.swift in Sources */ = {isa = PBXBuildFile; fileRef = DFA17AD52071344F0017BA42 /* GamePlayManager.swift */; };
		DFDB0AE42068024F00DCBFC2 /* GameCameraManager.swift in Sources */ = {isa = PBXBuildFile; fileRef = DFDB0AE32068024F00DCBFC2 /* GameCameraManager.swift */; };
		DFF620BF205546C9003B2E15 /* TouchManager.swift in Sources */ = {isa = PBXBuildFile; fileRef = DFF620BE205546C9003B2E15 /* TouchManager.swift */; };
		DFF620C12055493C003B2E15 /* GamePlayerManager.swift in Sources */ = {isa = PBXBuildFile; fileRef = DFF620C02055493C003B2E15 /* GamePlayerManager.swift */; };
		DFF620C320557DF7003B2E15 /* GameConstants.swift in Sources */ = {isa = PBXBuildFile; fileRef = DFF620C220557DF7003B2E15 /* GameConstants.swift */; };
		DFF620C520557E71003B2E15 /* Math.swift in Sources */ = {isa = PBXBuildFile; fileRef = DFF620C420557E71003B2E15 /* Math.swift */; };
		FDD739104B6F9156EE638C68 /* Pods_Endless.framework in Frameworks */ = {isa = PBXBuildFile; fileRef = 4C19A5C69C589F232DD114E7 /* Pods_Endless.framework */; };
/* End PBXBuildFile section */

/* Begin PBXContainerItemProxy section */
		DF24673420381F2D002728B4 /* PBXContainerItemProxy */ = {
			isa = PBXContainerItemProxy;
			containerPortal = DF24671520381F2D002728B4 /* Project object */;
			proxyType = 1;
			remoteGlobalIDString = DF24671C20381F2D002728B4;
			remoteInfo = Endless;
		};
		DF24673F20381F2D002728B4 /* PBXContainerItemProxy */ = {
			isa = PBXContainerItemProxy;
			containerPortal = DF24671520381F2D002728B4 /* Project object */;
			proxyType = 1;
			remoteGlobalIDString = DF24671C20381F2D002728B4;
			remoteInfo = Endless;
		};
/* End PBXContainerItemProxy section */

/* Begin PBXFileReference section */
		0BE4FE1DA953B4736EC39A9E /* Pods_EndlessUITests.framework */ = {isa = PBXFileReference; explicitFileType = wrapper.framework; includeInIndex = 0; path = Pods_EndlessUITests.framework; sourceTree = BUILT_PRODUCTS_DIR; };
		4775EC4269826939AD107B69 /* Pods_EndlessTests.framework */ = {isa = PBXFileReference; explicitFileType = wrapper.framework; includeInIndex = 0; path = Pods_EndlessTests.framework; sourceTree = BUILT_PRODUCTS_DIR; };
		4C19A5C69C589F232DD114E7 /* Pods_Endless.framework */ = {isa = PBXFileReference; explicitFileType = wrapper.framework; includeInIndex = 0; path = Pods_Endless.framework; sourceTree = BUILT_PRODUCTS_DIR; };
		4CF837B3CC9530FDC9441735 /* Pods-EndlessTests.release.xcconfig */ = {isa = PBXFileReference; includeInIndex = 1; lastKnownFileType = text.xcconfig; name = "Pods-EndlessTests.release.xcconfig"; path = "Pods/Target Support Files/Pods-EndlessTests/Pods-EndlessTests.release.xcconfig"; sourceTree = "<group>"; };
		628F635CD310F41B10AB39F2 /* Pods-Endless.debug.xcconfig */ = {isa = PBXFileReference; includeInIndex = 1; lastKnownFileType = text.xcconfig; name = "Pods-Endless.debug.xcconfig"; path = "Pods/Target Support Files/Pods-Endless/Pods-Endless.debug.xcconfig"; sourceTree = "<group>"; };
		8D9B1BBCAC567CDCE78394F7 /* Pods-EndlessUITests.release.xcconfig */ = {isa = PBXFileReference; includeInIndex = 1; lastKnownFileType = text.xcconfig; name = "Pods-EndlessUITests.release.xcconfig"; path = "Pods/Target Support Files/Pods-EndlessUITests/Pods-EndlessUITests.release.xcconfig"; sourceTree = "<group>"; };
		95F7033E8458C99B9683C6A3 /* Pods-Endless.release.xcconfig */ = {isa = PBXFileReference; includeInIndex = 1; lastKnownFileType = text.xcconfig; name = "Pods-Endless.release.xcconfig"; path = "Pods/Target Support Files/Pods-Endless/Pods-Endless.release.xcconfig"; sourceTree = "<group>"; };
		9974BDE5D160C37A2B79F842 /* Pods-EndlessTests.debug.xcconfig */ = {isa = PBXFileReference; includeInIndex = 1; lastKnownFileType = text.xcconfig; name = "Pods-EndlessTests.debug.xcconfig"; path = "Pods/Target Support Files/Pods-EndlessTests/Pods-EndlessTests.debug.xcconfig"; sourceTree = "<group>"; };
		9FCB1D747CAF46CBEC3AFBD9 /* Pods-EndlessUITests.debug.xcconfig */ = {isa = PBXFileReference; includeInIndex = 1; lastKnownFileType = text.xcconfig; name = "Pods-EndlessUITests.debug.xcconfig"; path = "Pods/Target Support Files/Pods-EndlessUITests/Pods-EndlessUITests.debug.xcconfig"; sourceTree = "<group>"; };
		DF24671D20381F2D002728B4 /* Endless.app */ = {isa = PBXFileReference; explicitFileType = wrapper.application; includeInIndex = 0; path = Endless.app; sourceTree = BUILT_PRODUCTS_DIR; };
		DF24672020381F2D002728B4 /* AppDelegate.swift */ = {isa = PBXFileReference; lastKnownFileType = sourcecode.swift; path = AppDelegate.swift; sourceTree = "<group>"; };
		DF24672220381F2D002728B4 /* art.scnassets */ = {isa = PBXFileReference; lastKnownFileType = wrapper.scnassets; path = art.scnassets; sourceTree = "<group>"; };
		DF24672420381F2D002728B4 /* GameViewController.swift */ = {isa = PBXFileReference; lastKnownFileType = sourcecode.swift; path = GameViewController.swift; sourceTree = "<group>"; };
		DF24672720381F2D002728B4 /* Base */ = {isa = PBXFileReference; lastKnownFileType = file.storyboard; name = Base; path = Base.lproj/Main.storyboard; sourceTree = "<group>"; };
		DF24672920381F2D002728B4 /* Assets.xcassets */ = {isa = PBXFileReference; lastKnownFileType = folder.assetcatalog; path = Assets.xcassets; sourceTree = "<group>"; };
		DF24672C20381F2D002728B4 /* Base */ = {isa = PBXFileReference; lastKnownFileType = file.storyboard; name = Base; path = Base.lproj/LaunchScreen.storyboard; sourceTree = "<group>"; };
		DF24672E20381F2D002728B4 /* Info.plist */ = {isa = PBXFileReference; lastKnownFileType = text.plist.xml; path = Info.plist; sourceTree = "<group>"; };
		DF24673320381F2D002728B4 /* EndlessTests.xctest */ = {isa = PBXFileReference; explicitFileType = wrapper.cfbundle; includeInIndex = 0; path = EndlessTests.xctest; sourceTree = BUILT_PRODUCTS_DIR; };
		DF24673720381F2D002728B4 /* EndlessTests.swift */ = {isa = PBXFileReference; lastKnownFileType = sourcecode.swift; path = EndlessTests.swift; sourceTree = "<group>"; };
		DF24673920381F2D002728B4 /* Info.plist */ = {isa = PBXFileReference; lastKnownFileType = text.plist.xml; path = Info.plist; sourceTree = "<group>"; };
		DF24673E20381F2D002728B4 /* EndlessUITests.xctest */ = {isa = PBXFileReference; explicitFileType = wrapper.cfbundle; includeInIndex = 0; path = EndlessUITests.xctest; sourceTree = BUILT_PRODUCTS_DIR; };
		DF24674220381F2D002728B4 /* EndlessUITests.swift */ = {isa = PBXFileReference; lastKnownFileType = sourcecode.swift; path = EndlessUITests.swift; sourceTree = "<group>"; };
		DF24674420381F2D002728B4 /* Info.plist */ = {isa = PBXFileReference; lastKnownFileType = text.plist.xml; path = Info.plist; sourceTree = "<group>"; };
		DF24675120381F41002728B4 /* Constants.swift */ = {isa = PBXFileReference; fileEncoding = 4; lastKnownFileType = sourcecode.swift; path = Constants.swift; sourceTree = "<group>"; };
		DF24675220381F41002728B4 /* GameCenterManager.swift */ = {isa = PBXFileReference; fileEncoding = 4; lastKnownFileType = sourcecode.swift; path = GameCenterManager.swift; sourceTree = "<group>"; };
		DF573FF620DAE0D200969B71 /* GamePhysicsManager.swift */ = {isa = PBXFileReference; lastKnownFileType = sourcecode.swift; path = GamePhysicsManager.swift; sourceTree = "<group>"; };
		DFA17AD52071344F0017BA42 /* GamePlayManager.swift */ = {isa = PBXFileReference; lastKnownFileType = sourcecode.swift; path = GamePlayManager.swift; sourceTree = "<group>"; };
		DFDB0AE32068024F00DCBFC2 /* GameCameraManager.swift */ = {isa = PBXFileReference; lastKnownFileType = sourcecode.swift; path = GameCameraManager.swift; sourceTree = "<group>"; };
		DFF620BE205546C9003B2E15 /* TouchManager.swift */ = {isa = PBXFileReference; lastKnownFileType = sourcecode.swift; path = TouchManager.swift; sourceTree = "<group>"; };
		DFF620C02055493C003B2E15 /* GamePlayerManager.swift */ = {isa = PBXFileReference; lastKnownFileType = sourcecode.swift; path = GamePlayerManager.swift; sourceTree = "<group>"; };
		DFF620C220557DF7003B2E15 /* GameConstants.swift */ = {isa = PBXFileReference; lastKnownFileType = sourcecode.swift; path = GameConstants.swift; sourceTree = "<group>"; };
		DFF620C420557E71003B2E15 /* Math.swift */ = {isa = PBXFileReference; lastKnownFileType = sourcecode.swift; path = Math.swift; sourceTree = "<group>"; };
/* End PBXFileReference section */

/* Begin PBXFrameworksBuildPhase section */
		DF24671A20381F2D002728B4 /* Frameworks */ = {
			isa = PBXFrameworksBuildPhase;
			buildActionMask = 2147483647;
			files = (
				FDD739104B6F9156EE638C68 /* Pods_Endless.framework in Frameworks */,
			);
			runOnlyForDeploymentPostprocessing = 0;
		};
		DF24673020381F2D002728B4 /* Frameworks */ = {
			isa = PBXFrameworksBuildPhase;
			buildActionMask = 2147483647;
			files = (
				CC0D34C4B7AE4B4CEAE3B510 /* Pods_EndlessTests.framework in Frameworks */,
			);
			runOnlyForDeploymentPostprocessing = 0;
		};
		DF24673B20381F2D002728B4 /* Frameworks */ = {
			isa = PBXFrameworksBuildPhase;
			buildActionMask = 2147483647;
			files = (
				5EBFC28882F505DC4E9826F9 /* Pods_EndlessUITests.framework in Frameworks */,
			);
			runOnlyForDeploymentPostprocessing = 0;
		};
/* End PBXFrameworksBuildPhase section */

/* Begin PBXGroup section */
		AB6E2B308C71E8AF0C64B641 /* Frameworks */ = {
			isa = PBXGroup;
			children = (
				4C19A5C69C589F232DD114E7 /* Pods_Endless.framework */,
				4775EC4269826939AD107B69 /* Pods_EndlessTests.framework */,
				0BE4FE1DA953B4736EC39A9E /* Pods_EndlessUITests.framework */,
			);
			name = Frameworks;
			sourceTree = "<group>";
		};
		B18F7F407514905256E66C66 /* Pods */ = {
			isa = PBXGroup;
			children = (
				628F635CD310F41B10AB39F2 /* Pods-Endless.debug.xcconfig */,
				95F7033E8458C99B9683C6A3 /* Pods-Endless.release.xcconfig */,
				9974BDE5D160C37A2B79F842 /* Pods-EndlessTests.debug.xcconfig */,
				4CF837B3CC9530FDC9441735 /* Pods-EndlessTests.release.xcconfig */,
				9FCB1D747CAF46CBEC3AFBD9 /* Pods-EndlessUITests.debug.xcconfig */,
				8D9B1BBCAC567CDCE78394F7 /* Pods-EndlessUITests.release.xcconfig */,
			);
			name = Pods;
			sourceTree = "<group>";
		};
		DF24671420381F2D002728B4 = {
			isa = PBXGroup;
			children = (
				DF24671F20381F2D002728B4 /* Endless */,
				DF24673620381F2D002728B4 /* EndlessTests */,
				DF24674120381F2D002728B4 /* EndlessUITests */,
				DF24671E20381F2D002728B4 /* Products */,
				B18F7F407514905256E66C66 /* Pods */,
				AB6E2B308C71E8AF0C64B641 /* Frameworks */,
			);
			sourceTree = "<group>";
		};
		DF24671E20381F2D002728B4 /* Products */ = {
			isa = PBXGroup;
			children = (
				DF24671D20381F2D002728B4 /* Endless.app */,
				DF24673320381F2D002728B4 /* EndlessTests.xctest */,
				DF24673E20381F2D002728B4 /* EndlessUITests.xctest */,
			);
			name = Products;
			sourceTree = "<group>";
		};
		DF24671F20381F2D002728B4 /* Endless */ = {
			isa = PBXGroup;
			children = (
				DF24675020381F41002728B4 /* GameCenter */,
				DF24672020381F2D002728B4 /* AppDelegate.swift */,
				DF24672220381F2D002728B4 /* art.scnassets */,
				DF573FF920DAE36D00969B71 /* GamePlay */,
				DFF620C420557E71003B2E15 /* Math.swift */,
				DF24672620381F2D002728B4 /* Main.storyboard */,
				DF24672920381F2D002728B4 /* Assets.xcassets */,
				DF24672B20381F2D002728B4 /* LaunchScreen.storyboard */,
				DF24672E20381F2D002728B4 /* Info.plist */,
			);
			path = Endless;
			sourceTree = "<group>";
		};
		DF24673620381F2D002728B4 /* EndlessTests */ = {
			isa = PBXGroup;
			children = (
				DF24673720381F2D002728B4 /* EndlessTests.swift */,
				DF24673920381F2D002728B4 /* Info.plist */,
			);
			path = EndlessTests;
			sourceTree = "<group>";
		};
		DF24674120381F2D002728B4 /* EndlessUITests */ = {
			isa = PBXGroup;
			children = (
				DF24674220381F2D002728B4 /* EndlessUITests.swift */,
				DF24674420381F2D002728B4 /* Info.plist */,
			);
			path = EndlessUITests;
			sourceTree = "<group>";
		};
		DF24675020381F41002728B4 /* GameCenter */ = {
			isa = PBXGroup;
			children = (
				DF24675120381F41002728B4 /* Constants.swift */,
				DF24675220381F41002728B4 /* GameCenterManager.swift */,
			);
			path = GameCenter;
			sourceTree = "<group>";
		};
		DF573FF920DAE36D00969B71 /* GamePlay */ = {
			isa = PBXGroup;
			children = (
				DF24672420381F2D002728B4 /* GameViewController.swift */,
				DFA17AD52071344F0017BA42 /* GamePlayManager.swift */,
				DFDB0AE32068024F00DCBFC2 /* GameCameraManager.swift */,
				DFF620BE205546C9003B2E15 /* TouchManager.swift */,
				DFF620C02055493C003B2E15 /* GamePlayerManager.swift */,
				DF573FF620DAE0D200969B71 /* GamePhysicsManager.swift */,
				DFF620C220557DF7003B2E15 /* GameConstants.swift */,
			);
			path = GamePlay;
			sourceTree = "<group>";
		};
/* End PBXGroup section */

/* Begin PBXNativeTarget section */
		DF24671C20381F2D002728B4 /* Endless */ = {
			isa = PBXNativeTarget;
			buildConfigurationList = DF24674720381F2D002728B4 /* Build configuration list for PBXNativeTarget "Endless" */;
			buildPhases = (
				EFE7AECF5EEC80471563BEDD /* [CP] Check Pods Manifest.lock */,
				DF24671920381F2D002728B4 /* Sources */,
				DF24671A20381F2D002728B4 /* Frameworks */,
				DF24671B20381F2D002728B4 /* Resources */,
				0BC063A5431DBD7E9428DFD0 /* [CP] Embed Pods Frameworks */,
				67ECA0288897B897764579DF /* [CP] Copy Pods Resources */,
			);
			buildRules = (
			);
			dependencies = (
			);
			name = Endless;
			productName = Endless;
			productReference = DF24671D20381F2D002728B4 /* Endless.app */;
			productType = "com.apple.product-type.application";
		};
		DF24673220381F2D002728B4 /* EndlessTests */ = {
			isa = PBXNativeTarget;
			buildConfigurationList = DF24674A20381F2D002728B4 /* Build configuration list for PBXNativeTarget "EndlessTests" */;
			buildPhases = (
				D32F90F7E3DCD9F860B0D1EE /* [CP] Check Pods Manifest.lock */,
				DF24672F20381F2D002728B4 /* Sources */,
				DF24673020381F2D002728B4 /* Frameworks */,
				DF24673120381F2D002728B4 /* Resources */,
				D5863DE01347AE9348BD51D1 /* [CP] Embed Pods Frameworks */,
				902A7470FE5D34069EE7555A /* [CP] Copy Pods Resources */,
			);
			buildRules = (
			);
			dependencies = (
				DF24673520381F2D002728B4 /* PBXTargetDependency */,
			);
			name = EndlessTests;
			productName = EndlessTests;
			productReference = DF24673320381F2D002728B4 /* EndlessTests.xctest */;
			productType = "com.apple.product-type.bundle.unit-test";
		};
		DF24673D20381F2D002728B4 /* EndlessUITests */ = {
			isa = PBXNativeTarget;
			buildConfigurationList = DF24674D20381F2D002728B4 /* Build configuration list for PBXNativeTarget "EndlessUITests" */;
			buildPhases = (
				8C7AE96636F00832C86D7D02 /* [CP] Check Pods Manifest.lock */,
				DF24673A20381F2D002728B4 /* Sources */,
				DF24673B20381F2D002728B4 /* Frameworks */,
				DF24673C20381F2D002728B4 /* Resources */,
				54B40CA18FCADECCAD87BA67 /* [CP] Embed Pods Frameworks */,
				F3F79F49492918716833880A /* [CP] Copy Pods Resources */,
			);
			buildRules = (
			);
			dependencies = (
				DF24674020381F2D002728B4 /* PBXTargetDependency */,
			);
			name = EndlessUITests;
			productName = EndlessUITests;
			productReference = DF24673E20381F2D002728B4 /* EndlessUITests.xctest */;
			productType = "com.apple.product-type.bundle.ui-testing";
		};
/* End PBXNativeTarget section */

/* Begin PBXProject section */
		DF24671520381F2D002728B4 /* Project object */ = {
			isa = PBXProject;
			attributes = {
				LastSwiftUpdateCheck = 0920;
				LastUpgradeCheck = 0920;
				ORGANIZATIONNAME = mateszlanka;
				TargetAttributes = {
					DF24671C20381F2D002728B4 = {
						CreatedOnToolsVersion = 9.2;
						ProvisioningStyle = Automatic;
					};
					DF24673220381F2D002728B4 = {
						CreatedOnToolsVersion = 9.2;
						ProvisioningStyle = Automatic;
						TestTargetID = DF24671C20381F2D002728B4;
					};
					DF24673D20381F2D002728B4 = {
						CreatedOnToolsVersion = 9.2;
						ProvisioningStyle = Automatic;
						TestTargetID = DF24671C20381F2D002728B4;
					};
				};
			};
			buildConfigurationList = DF24671820381F2D002728B4 /* Build configuration list for PBXProject "Endless" */;
			compatibilityVersion = "Xcode 8.0";
			developmentRegion = en;
			hasScannedForEncodings = 0;
			knownRegions = (
				en,
				Base,
			);
			mainGroup = DF24671420381F2D002728B4;
			productRefGroup = DF24671E20381F2D002728B4 /* Products */;
			projectDirPath = "";
			projectRoot = "";
			targets = (
				DF24671C20381F2D002728B4 /* Endless */,
				DF24673220381F2D002728B4 /* EndlessTests */,
				DF24673D20381F2D002728B4 /* EndlessUITests */,
			);
		};
/* End PBXProject section */

/* Begin PBXResourcesBuildPhase section */
		DF24671B20381F2D002728B4 /* Resources */ = {
			isa = PBXResourcesBuildPhase;
			buildActionMask = 2147483647;
			files = (
				DF24672320381F2D002728B4 /* art.scnassets in Resources */,
				DF24672D20381F2D002728B4 /* LaunchScreen.storyboard in Resources */,
				DF24672A20381F2D002728B4 /* Assets.xcassets in Resources */,
				DF24672820381F2D002728B4 /* Main.storyboard in Resources */,
			);
			runOnlyForDeploymentPostprocessing = 0;
		};
		DF24673120381F2D002728B4 /* Resources */ = {
			isa = PBXResourcesBuildPhase;
			buildActionMask = 2147483647;
			files = (
			);
			runOnlyForDeploymentPostprocessing = 0;
		};
		DF24673C20381F2D002728B4 /* Resources */ = {
			isa = PBXResourcesBuildPhase;
			buildActionMask = 2147483647;
			files = (
			);
			runOnlyForDeploymentPostprocessing = 0;
		};
/* End PBXResourcesBuildPhase section */

/* Begin PBXShellScriptBuildPhase section */
		0BC063A5431DBD7E9428DFD0 /* [CP] Embed Pods Frameworks */ = {
			isa = PBXShellScriptBuildPhase;
			buildActionMask = 2147483647;
			files = (
			);
			inputPaths = (
			);
			name = "[CP] Embed Pods Frameworks";
			outputPaths = (
			);
			runOnlyForDeploymentPostprocessing = 0;
			shellPath = /bin/sh;
			shellScript = "\"${SRCROOT}/Pods/Target Support Files/Pods-Endless/Pods-Endless-frameworks.sh\"\n";
			showEnvVarsInLog = 0;
		};
		54B40CA18FCADECCAD87BA67 /* [CP] Embed Pods Frameworks */ = {
			isa = PBXShellScriptBuildPhase;
			buildActionMask = 2147483647;
			files = (
			);
			inputPaths = (
			);
			name = "[CP] Embed Pods Frameworks";
			outputPaths = (
			);
			runOnlyForDeploymentPostprocessing = 0;
			shellPath = /bin/sh;
			shellScript = "\"${SRCROOT}/Pods/Target Support Files/Pods-EndlessUITests/Pods-EndlessUITests-frameworks.sh\"\n";
			showEnvVarsInLog = 0;
		};
		67ECA0288897B897764579DF /* [CP] Copy Pods Resources */ = {
			isa = PBXShellScriptBuildPhase;
			buildActionMask = 2147483647;
			files = (
			);
			inputPaths = (
			);
			name = "[CP] Copy Pods Resources";
			outputPaths = (
			);
			runOnlyForDeploymentPostprocessing = 0;
			shellPath = /bin/sh;
			shellScript = "\"${SRCROOT}/Pods/Target Support Files/Pods-Endless/Pods-Endless-resources.sh\"\n";
			showEnvVarsInLog = 0;
		};
		8C7AE96636F00832C86D7D02 /* [CP] Check Pods Manifest.lock */ = {
			isa = PBXShellScriptBuildPhase;
			buildActionMask = 2147483647;
			files = (
			);
			inputPaths = (
			);
			name = "[CP] Check Pods Manifest.lock";
			outputPaths = (
			);
			runOnlyForDeploymentPostprocessing = 0;
			shellPath = /bin/sh;
			shellScript = "diff \"${PODS_ROOT}/../Podfile.lock\" \"${PODS_ROOT}/Manifest.lock\" > /dev/null\nif [ $? != 0 ] ; then\n    # print error to STDERR\n    echo \"error: The sandbox is not in sync with the Podfile.lock. Run 'pod install' or update your CocoaPods installation.\" >&2\n    exit 1\nfi\n";
			showEnvVarsInLog = 0;
		};
		902A7470FE5D34069EE7555A /* [CP] Copy Pods Resources */ = {
			isa = PBXShellScriptBuildPhase;
			buildActionMask = 2147483647;
			files = (
			);
			inputPaths = (
			);
			name = "[CP] Copy Pods Resources";
			outputPaths = (
			);
			runOnlyForDeploymentPostprocessing = 0;
			shellPath = /bin/sh;
			shellScript = "\"${SRCROOT}/Pods/Target Support Files/Pods-EndlessTests/Pods-EndlessTests-resources.sh\"\n";
			showEnvVarsInLog = 0;
		};
		D32F90F7E3DCD9F860B0D1EE /* [CP] Check Pods Manifest.lock */ = {
			isa = PBXShellScriptBuildPhase;
			buildActionMask = 2147483647;
			files = (
			);
			inputPaths = (
			);
			name = "[CP] Check Pods Manifest.lock";
			outputPaths = (
			);
			runOnlyForDeploymentPostprocessing = 0;
			shellPath = /bin/sh;
			shellScript = "diff \"${PODS_ROOT}/../Podfile.lock\" \"${PODS_ROOT}/Manifest.lock\" > /dev/null\nif [ $? != 0 ] ; then\n    # print error to STDERR\n    echo \"error: The sandbox is not in sync with the Podfile.lock. Run 'pod install' or update your CocoaPods installation.\" >&2\n    exit 1\nfi\n";
			showEnvVarsInLog = 0;
		};
		D5863DE01347AE9348BD51D1 /* [CP] Embed Pods Frameworks */ = {
			isa = PBXShellScriptBuildPhase;
			buildActionMask = 2147483647;
			files = (
			);
			inputPaths = (
			);
			name = "[CP] Embed Pods Frameworks";
			outputPaths = (
			);
			runOnlyForDeploymentPostprocessing = 0;
			shellPath = /bin/sh;
			shellScript = "\"${SRCROOT}/Pods/Target Support Files/Pods-EndlessTests/Pods-EndlessTests-frameworks.sh\"\n";
			showEnvVarsInLog = 0;
		};
		EFE7AECF5EEC80471563BEDD /* [CP] Check Pods Manifest.lock */ = {
			isa = PBXShellScriptBuildPhase;
			buildActionMask = 2147483647;
			files = (
			);
			inputPaths = (
			);
			name = "[CP] Check Pods Manifest.lock";
			outputPaths = (
			);
			runOnlyForDeploymentPostprocessing = 0;
			shellPath = /bin/sh;
			shellScript = "diff \"${PODS_ROOT}/../Podfile.lock\" \"${PODS_ROOT}/Manifest.lock\" > /dev/null\nif [ $? != 0 ] ; then\n    # print error to STDERR\n    echo \"error: The sandbox is not in sync with the Podfile.lock. Run 'pod install' or update your CocoaPods installation.\" >&2\n    exit 1\nfi\n";
			showEnvVarsInLog = 0;
		};
		F3F79F49492918716833880A /* [CP] Copy Pods Resources */ = {
			isa = PBXShellScriptBuildPhase;
			buildActionMask = 2147483647;
			files = (
			);
			inputPaths = (
			);
			name = "[CP] Copy Pods Resources";
			outputPaths = (
			);
			runOnlyForDeploymentPostprocessing = 0;
			shellPath = /bin/sh;
			shellScript = "\"${SRCROOT}/Pods/Target Support Files/Pods-EndlessUITests/Pods-EndlessUITests-resources.sh\"\n";
			showEnvVarsInLog = 0;
		};
/* End PBXShellScriptBuildPhase section */

/* Begin PBXSourcesBuildPhase section */
		DF24671920381F2D002728B4 /* Sources */ = {
			isa = PBXSourcesBuildPhase;
			buildActionMask = 2147483647;
			files = (
				DF24675420381F41002728B4 /* GameCenterManager.swift in Sources */,
				DFDB0AE42068024F00DCBFC2 /* GameCameraManager.swift in Sources */,
				DF24672520381F2D002728B4 /* GameViewController.swift in Sources */,
				DFF620C12055493C003B2E15 /* GamePlayerManager.swift in Sources */,
				DF573FF720DAE0D200969B71 /* GamePhysicsManager.swift in Sources */,
				DF24672120381F2D002728B4 /* AppDelegate.swift in Sources */,
				DFF620C320557DF7003B2E15 /* GameConstants.swift in Sources */,
				DFF620BF205546C9003B2E15 /* TouchManager.swift in Sources */,
				DF24675320381F41002728B4 /* Constants.swift in Sources */,
				DFF620C520557E71003B2E15 /* Math.swift in Sources */,
				DFA17AD62071344F0017BA42 /* GamePlayManager.swift in Sources */,
			);
			runOnlyForDeploymentPostprocessing = 0;
		};
		DF24672F20381F2D002728B4 /* Sources */ = {
			isa = PBXSourcesBuildPhase;
			buildActionMask = 2147483647;
			files = (
				DF24673820381F2D002728B4 /* EndlessTests.swift in Sources */,
			);
			runOnlyForDeploymentPostprocessing = 0;
		};
		DF24673A20381F2D002728B4 /* Sources */ = {
			isa = PBXSourcesBuildPhase;
			buildActionMask = 2147483647;
			files = (
				DF24674320381F2D002728B4 /* EndlessUITests.swift in Sources */,
			);
			runOnlyForDeploymentPostprocessing = 0;
		};
/* End PBXSourcesBuildPhase section */

/* Begin PBXTargetDependency section */
		DF24673520381F2D002728B4 /* PBXTargetDependency */ = {
			isa = PBXTargetDependency;
			target = DF24671C20381F2D002728B4 /* Endless */;
			targetProxy = DF24673420381F2D002728B4 /* PBXContainerItemProxy */;
		};
		DF24674020381F2D002728B4 /* PBXTargetDependency */ = {
			isa = PBXTargetDependency;
			target = DF24671C20381F2D002728B4 /* Endless */;
			targetProxy = DF24673F20381F2D002728B4 /* PBXContainerItemProxy */;
		};
/* End PBXTargetDependency section */

/* Begin PBXVariantGroup section */
		DF24672620381F2D002728B4 /* Main.storyboard */ = {
			isa = PBXVariantGroup;
			children = (
				DF24672720381F2D002728B4 /* Base */,
			);
			name = Main.storyboard;
			sourceTree = "<group>";
		};
		DF24672B20381F2D002728B4 /* LaunchScreen.storyboard */ = {
			isa = PBXVariantGroup;
			children = (
				DF24672C20381F2D002728B4 /* Base */,
			);
			name = LaunchScreen.storyboard;
			sourceTree = "<group>";
		};
/* End PBXVariantGroup section */

/* Begin XCBuildConfiguration section */
		DF24674520381F2D002728B4 /* Debug */ = {
			isa = XCBuildConfiguration;
			buildSettings = {
				ALWAYS_SEARCH_USER_PATHS = NO;
				CLANG_ANALYZER_NONNULL = YES;
				CLANG_ANALYZER_NUMBER_OBJECT_CONVERSION = YES_AGGRESSIVE;
				CLANG_CXX_LANGUAGE_STANDARD = "gnu++14";
				CLANG_CXX_LIBRARY = "libc++";
				CLANG_ENABLE_MODULES = YES;
				CLANG_ENABLE_OBJC_ARC = YES;
				CLANG_WARN_BLOCK_CAPTURE_AUTORELEASING = YES;
				CLANG_WARN_BOOL_CONVERSION = YES;
				CLANG_WARN_COMMA = YES;
				CLANG_WARN_CONSTANT_CONVERSION = YES;
				CLANG_WARN_DIRECT_OBJC_ISA_USAGE = YES_ERROR;
				CLANG_WARN_DOCUMENTATION_COMMENTS = YES;
				CLANG_WARN_EMPTY_BODY = YES;
				CLANG_WARN_ENUM_CONVERSION = YES;
				CLANG_WARN_INFINITE_RECURSION = YES;
				CLANG_WARN_INT_CONVERSION = YES;
				CLANG_WARN_NON_LITERAL_NULL_CONVERSION = YES;
				CLANG_WARN_OBJC_LITERAL_CONVERSION = YES;
				CLANG_WARN_OBJC_ROOT_CLASS = YES_ERROR;
				CLANG_WARN_RANGE_LOOP_ANALYSIS = YES;
				CLANG_WARN_STRICT_PROTOTYPES = YES;
				CLANG_WARN_SUSPICIOUS_MOVE = YES;
				CLANG_WARN_UNGUARDED_AVAILABILITY = YES_AGGRESSIVE;
				CLANG_WARN_UNREACHABLE_CODE = YES;
				CLANG_WARN__DUPLICATE_METHOD_MATCH = YES;
				CODE_SIGN_IDENTITY = "iPhone Developer";
				COPY_PHASE_STRIP = NO;
				DEBUG_INFORMATION_FORMAT = dwarf;
				ENABLE_STRICT_OBJC_MSGSEND = YES;
				ENABLE_TESTABILITY = YES;
				GCC_C_LANGUAGE_STANDARD = gnu11;
				GCC_DYNAMIC_NO_PIC = NO;
				GCC_NO_COMMON_BLOCKS = YES;
				GCC_OPTIMIZATION_LEVEL = 0;
				GCC_PREPROCESSOR_DEFINITIONS = (
					"DEBUG=1",
					"$(inherited)",
				);
				GCC_WARN_64_TO_32_BIT_CONVERSION = YES;
				GCC_WARN_ABOUT_RETURN_TYPE = YES_ERROR;
				GCC_WARN_UNDECLARED_SELECTOR = YES;
				GCC_WARN_UNINITIALIZED_AUTOS = YES_AGGRESSIVE;
				GCC_WARN_UNUSED_FUNCTION = YES;
				GCC_WARN_UNUSED_VARIABLE = YES;
				IPHONEOS_DEPLOYMENT_TARGET = 11.2;
				MTL_ENABLE_DEBUG_INFO = YES;
				ONLY_ACTIVE_ARCH = YES;
				SDKROOT = iphoneos;
				SWIFT_ACTIVE_COMPILATION_CONDITIONS = DEBUG;
				SWIFT_OPTIMIZATION_LEVEL = "-Onone";
			};
			name = Debug;
		};
		DF24674620381F2D002728B4 /* Release */ = {
			isa = XCBuildConfiguration;
			buildSettings = {
				ALWAYS_SEARCH_USER_PATHS = NO;
				CLANG_ANALYZER_NONNULL = YES;
				CLANG_ANALYZER_NUMBER_OBJECT_CONVERSION = YES_AGGRESSIVE;
				CLANG_CXX_LANGUAGE_STANDARD = "gnu++14";
				CLANG_CXX_LIBRARY = "libc++";
				CLANG_ENABLE_MODULES = YES;
				CLANG_ENABLE_OBJC_ARC = YES;
				CLANG_WARN_BLOCK_CAPTURE_AUTORELEASING = YES;
				CLANG_WARN_BOOL_CONVERSION = YES;
				CLANG_WARN_COMMA = YES;
				CLANG_WARN_CONSTANT_CONVERSION = YES;
				CLANG_WARN_DIRECT_OBJC_ISA_USAGE = YES_ERROR;
				CLANG_WARN_DOCUMENTATION_COMMENTS = YES;
				CLANG_WARN_EMPTY_BODY = YES;
				CLANG_WARN_ENUM_CONVERSION = YES;
				CLANG_WARN_INFINITE_RECURSION = YES;
				CLANG_WARN_INT_CONVERSION = YES;
				CLANG_WARN_NON_LITERAL_NULL_CONVERSION = YES;
				CLANG_WARN_OBJC_LITERAL_CONVERSION = YES;
				CLANG_WARN_OBJC_ROOT_CLASS = YES_ERROR;
				CLANG_WARN_RANGE_LOOP_ANALYSIS = YES;
				CLANG_WARN_STRICT_PROTOTYPES = YES;
				CLANG_WARN_SUSPICIOUS_MOVE = YES;
				CLANG_WARN_UNGUARDED_AVAILABILITY = YES_AGGRESSIVE;
				CLANG_WARN_UNREACHABLE_CODE = YES;
				CLANG_WARN__DUPLICATE_METHOD_MATCH = YES;
				CODE_SIGN_IDENTITY = "iPhone Developer";
				COPY_PHASE_STRIP = NO;
				DEBUG_INFORMATION_FORMAT = "dwarf-with-dsym";
				ENABLE_NS_ASSERTIONS = NO;
				ENABLE_STRICT_OBJC_MSGSEND = YES;
				GCC_C_LANGUAGE_STANDARD = gnu11;
				GCC_NO_COMMON_BLOCKS = YES;
				GCC_WARN_64_TO_32_BIT_CONVERSION = YES;
				GCC_WARN_ABOUT_RETURN_TYPE = YES_ERROR;
				GCC_WARN_UNDECLARED_SELECTOR = YES;
				GCC_WARN_UNINITIALIZED_AUTOS = YES_AGGRESSIVE;
				GCC_WARN_UNUSED_FUNCTION = YES;
				GCC_WARN_UNUSED_VARIABLE = YES;
				IPHONEOS_DEPLOYMENT_TARGET = 11.2;
				MTL_ENABLE_DEBUG_INFO = NO;
				SDKROOT = iphoneos;
				SWIFT_OPTIMIZATION_LEVEL = "-Owholemodule";
				VALIDATE_PRODUCT = YES;
			};
			name = Release;
		};
		DF24674820381F2D002728B4 /* Debug */ = {
			isa = XCBuildConfiguration;
			baseConfigurationReference = 628F635CD310F41B10AB39F2 /* Pods-Endless.debug.xcconfig */;
			buildSettings = {
				ASSETCATALOG_COMPILER_APPICON_NAME = AppIcon;
				CODE_SIGN_STYLE = Automatic;
				DEVELOPMENT_TEAM = QWY464993Z;
				INFOPLIST_FILE = Endless/Info.plist;
				LD_RUNPATH_SEARCH_PATHS = "$(inherited) @executable_path/Frameworks";
				PRODUCT_BUNDLE_IDENTIFIER = com.mateszlanka.Endless;
				PRODUCT_NAME = "$(TARGET_NAME)";
				SWIFT_VERSION = 4.0;
				TARGETED_DEVICE_FAMILY = "1,2";
			};
			name = Debug;
		};
		DF24674920381F2D002728B4 /* Release */ = {
			isa = XCBuildConfiguration;
			baseConfigurationReference = 95F7033E8458C99B9683C6A3 /* Pods-Endless.release.xcconfig */;
			buildSettings = {
				ASSETCATALOG_COMPILER_APPICON_NAME = AppIcon;
				CODE_SIGN_STYLE = Automatic;
				DEVELOPMENT_TEAM = QWY464993Z;
				INFOPLIST_FILE = Endless/Info.plist;
				LD_RUNPATH_SEARCH_PATHS = "$(inherited) @executable_path/Frameworks";
				PRODUCT_BUNDLE_IDENTIFIER = com.mateszlanka.Endless;
				PRODUCT_NAME = "$(TARGET_NAME)";
				SWIFT_VERSION = 4.0;
				TARGETED_DEVICE_FAMILY = "1,2";
			};
			name = Release;
		};
		DF24674B20381F2D002728B4 /* Debug */ = {
			isa = XCBuildConfiguration;
			baseConfigurationReference = 9974BDE5D160C37A2B79F842 /* Pods-EndlessTests.debug.xcconfig */;
			buildSettings = {
				ALWAYS_EMBED_SWIFT_STANDARD_LIBRARIES = YES;
				BUNDLE_LOADER = "$(TEST_HOST)";
				CODE_SIGN_STYLE = Automatic;
				DEVELOPMENT_TEAM = QWY464993Z;
				INFOPLIST_FILE = EndlessTests/Info.plist;
				LD_RUNPATH_SEARCH_PATHS = "$(inherited) @executable_path/Frameworks @loader_path/Frameworks";
				PRODUCT_BUNDLE_IDENTIFIER = com.mateszlanka.EndlessTests;
				PRODUCT_NAME = "$(TARGET_NAME)";
				SWIFT_VERSION = 4.0;
				TARGETED_DEVICE_FAMILY = "1,2";
				TEST_HOST = "$(BUILT_PRODUCTS_DIR)/Endless.app/Endless";
			};
			name = Debug;
		};
		DF24674C20381F2D002728B4 /* Release */ = {
			isa = XCBuildConfiguration;
			baseConfigurationReference = 4CF837B3CC9530FDC9441735 /* Pods-EndlessTests.release.xcconfig */;
			buildSettings = {
				ALWAYS_EMBED_SWIFT_STANDARD_LIBRARIES = YES;
				BUNDLE_LOADER = "$(TEST_HOST)";
				CODE_SIGN_STYLE = Automatic;
				DEVELOPMENT_TEAM = QWY464993Z;
				INFOPLIST_FILE = EndlessTests/Info.plist;
				LD_RUNPATH_SEARCH_PATHS = "$(inherited) @executable_path/Frameworks @loader_path/Frameworks";
				PRODUCT_BUNDLE_IDENTIFIER = com.mateszlanka.EndlessTests;
				PRODUCT_NAME = "$(TARGET_NAME)";
				SWIFT_VERSION = 4.0;
				TARGETED_DEVICE_FAMILY = "1,2";
				TEST_HOST = "$(BUILT_PRODUCTS_DIR)/Endless.app/Endless";
			};
			name = Release;
		};
		DF24674E20381F2D002728B4 /* Debug */ = {
			isa = XCBuildConfiguration;
			baseConfigurationReference = 9FCB1D747CAF46CBEC3AFBD9 /* Pods-EndlessUITests.debug.xcconfig */;
			buildSettings = {
				ALWAYS_EMBED_SWIFT_STANDARD_LIBRARIES = YES;
				CODE_SIGN_STYLE = Automatic;
				DEVELOPMENT_TEAM = QWY464993Z;
				INFOPLIST_FILE = EndlessUITests/Info.plist;
				LD_RUNPATH_SEARCH_PATHS = "$(inherited) @executable_path/Frameworks @loader_path/Frameworks";
				PRODUCT_BUNDLE_IDENTIFIER = com.mateszlanka.EndlessUITests;
				PRODUCT_NAME = "$(TARGET_NAME)";
				SWIFT_VERSION = 4.0;
				TARGETED_DEVICE_FAMILY = "1,2";
				TEST_TARGET_NAME = Endless;
			};
			name = Debug;
		};
		DF24674F20381F2D002728B4 /* Release */ = {
			isa = XCBuildConfiguration;
			baseConfigurationReference = 8D9B1BBCAC567CDCE78394F7 /* Pods-EndlessUITests.release.xcconfig */;
			buildSettings = {
				ALWAYS_EMBED_SWIFT_STANDARD_LIBRARIES = YES;
				CODE_SIGN_STYLE = Automatic;
				DEVELOPMENT_TEAM = QWY464993Z;
				INFOPLIST_FILE = EndlessUITests/Info.plist;
				LD_RUNPATH_SEARCH_PATHS = "$(inherited) @executable_path/Frameworks @loader_path/Frameworks";
				PRODUCT_BUNDLE_IDENTIFIER = com.mateszlanka.EndlessUITests;
				PRODUCT_NAME = "$(TARGET_NAME)";
				SWIFT_VERSION = 4.0;
				TARGETED_DEVICE_FAMILY = "1,2";
				TEST_TARGET_NAME = Endless;
			};
			name = Release;
		};
/* End XCBuildConfiguration section */

/* Begin XCConfigurationList section */
		DF24671820381F2D002728B4 /* Build configuration list for PBXProject "Endless" */ = {
			isa = XCConfigurationList;
			buildConfigurations = (
				DF24674520381F2D002728B4 /* Debug */,
				DF24674620381F2D002728B4 /* Release */,
			);
			defaultConfigurationIsVisible = 0;
			defaultConfigurationName = Release;
		};
		DF24674720381F2D002728B4 /* Build configuration list for PBXNativeTarget "Endless" */ = {
			isa = XCConfigurationList;
			buildConfigurations = (
				DF24674820381F2D002728B4 /* Debug */,
				DF24674920381F2D002728B4 /* Release */,
			);
			defaultConfigurationIsVisible = 0;
			defaultConfigurationName = Release;
		};
		DF24674A20381F2D002728B4 /* Build configuration list for PBXNativeTarget "EndlessTests" */ = {
			isa = XCConfigurationList;
			buildConfigurations = (
				DF24674B20381F2D002728B4 /* Debug */,
				DF24674C20381F2D002728B4 /* Release */,
			);
			defaultConfigurationIsVisible = 0;
			defaultConfigurationName = Release;
		};
		DF24674D20381F2D002728B4 /* Build configuration list for PBXNativeTarget "EndlessUITests" */ = {
			isa = XCConfigurationList;
			buildConfigurations = (
				DF24674E20381F2D002728B4 /* Debug */,
				DF24674F20381F2D002728B4 /* Release */,
			);
			defaultConfigurationIsVisible = 0;
			defaultConfigurationName = Release;
		};
/* End XCConfigurationList section */
	};
	rootObject = DF24671520381F2D002728B4 /* Project object */;
}
