// !$*UTF8*$!
{
	archiveVersion = 1;
	classes = {
	};
	objectVersion = 48;
	objects = {

/* Begin PBXBuildFile section */
		DF3947AB20331F0E0018CD00 /* AppDelegate.swift in Sources */ = {isa = PBXBuildFile; fileRef = DF3947AA20331F0E0018CD00 /* AppDelegate.swift */; };
		DF3947AD20331F0E0018CD00 /* ViewController.swift in Sources */ = {isa = PBXBuildFile; fileRef = DF3947AC20331F0E0018CD00 /* ViewController.swift */; };
		DF3947B020331F0E0018CD00 /* Main.storyboard in Resources */ = {isa = PBXBuildFile; fileRef = DF3947AE20331F0E0018CD00 /* Main.storyboard */; };
		DF3947B320331F0E0018CD00 /* SingelViewApp.xcdatamodeld in Sources */ = {isa = PBXBuildFile; fileRef = DF3947B120331F0E0018CD00 /* SingelViewApp.xcdatamodeld */; };
		DF3947B520331F0E0018CD00 /* Assets.xcassets in Resources */ = {isa = PBXBuildFile; fileRef = DF3947B420331F0E0018CD00 /* Assets.xcassets */; };
		DF3947B820331F0E0018CD00 /* LaunchScreen.storyboard in Resources */ = {isa = PBXBuildFile; fileRef = DF3947B620331F0E0018CD00 /* LaunchScreen.storyboard */; };
		DF3947C320331F0E0018CD00 /* SingelViewAppTests.swift in Sources */ = {isa = PBXBuildFile; fileRef = DF3947C220331F0E0018CD00 /* SingelViewAppTests.swift */; };
/* End PBXBuildFile section */

/* Begin PBXContainerItemProxy section */
		DF3947BF20331F0E0018CD00 /* PBXContainerItemProxy */ = {
			isa = PBXContainerItemProxy;
			containerPortal = DF39479F20331F0E0018CD00 /* Project object */;
			proxyType = 1;
			remoteGlobalIDString = DF3947A620331F0E0018CD00;
			remoteInfo = SingelViewApp;
		};
/* End PBXContainerItemProxy section */

/* Begin PBXFileReference section */
		DF3947A720331F0E0018CD00 /* SingelViewApp.app */ = {isa = PBXFileReference; explicitFileType = wrapper.application; includeInIndex = 0; path = SingelViewApp.app; sourceTree = BUILT_PRODUCTS_DIR; };
		DF3947AA20331F0E0018CD00 /* AppDelegate.swift */ = {isa = PBXFileReference; lastKnownFileType = sourcecode.swift; path = AppDelegate.swift; sourceTree = "<group>"; };
		DF3947AC20331F0E0018CD00 /* ViewController.swift */ = {isa = PBXFileReference; lastKnownFileType = sourcecode.swift; path = ViewController.swift; sourceTree = "<group>"; };
		DF3947AF20331F0E0018CD00 /* Base */ = {isa = PBXFileReference; lastKnownFileType = file.storyboard; name = Base; path = Base.lproj/Main.storyboard; sourceTree = "<group>"; };
		DF3947B220331F0E0018CD00 /* SingelViewApp.xcdatamodel */ = {isa = PBXFileReference; lastKnownFileType = wrapper.xcdatamodel; path = SingelViewApp.xcdatamodel; sourceTree = "<group>"; };
		DF3947B420331F0E0018CD00 /* Assets.xcassets */ = {isa = PBXFileReference; lastKnownFileType = folder.assetcatalog; path = Assets.xcassets; sourceTree = "<group>"; };
		DF3947B720331F0E0018CD00 /* Base */ = {isa = PBXFileReference; lastKnownFileType = file.storyboard; name = Base; path = Base.lproj/LaunchScreen.storyboard; sourceTree = "<group>"; };
		DF3947B920331F0E0018CD00 /* Info.plist */ = {isa = PBXFileReference; lastKnownFileType = text.plist.xml; path = Info.plist; sourceTree = "<group>"; };
		DF3947BE20331F0E0018CD00 /* SingelViewAppTests.xctest */ = {isa = PBXFileReference; explicitFileType = wrapper.cfbundle; includeInIndex = 0; path = SingelViewAppTests.xctest; sourceTree = BUILT_PRODUCTS_DIR; };
		DF3947C220331F0E0018CD00 /* SingelViewAppTests.swift */ = {isa = PBXFileReference; lastKnownFileType = sourcecode.swift; path = SingelViewAppTests.swift; sourceTree = "<group>"; };
		DF3947C420331F0E0018CD00 /* Info.plist */ = {isa = PBXFileReference; lastKnownFileType = text.plist.xml; path = Info.plist; sourceTree = "<group>"; };
/* End PBXFileReference section */

/* Begin PBXFrameworksBuildPhase section */
		DF3947A420331F0E0018CD00 /* Frameworks */ = {
			isa = PBXFrameworksBuildPhase;
			buildActionMask = 2147483647;
			files = (
			);
			runOnlyForDeploymentPostprocessing = 0;
		};
		DF3947BB20331F0E0018CD00 /* Frameworks */ = {
			isa = PBXFrameworksBuildPhase;
			buildActionMask = 2147483647;
			files = (
			);
			runOnlyForDeploymentPostprocessing = 0;
		};
/* End PBXFrameworksBuildPhase section */

/* Begin PBXGroup section */
		DF39479E20331F0E0018CD00 = {
			isa = PBXGroup;
			children = (
				DF3947A920331F0E0018CD00 /* SingelViewApp */,
				DF3947C120331F0E0018CD00 /* SingelViewAppTests */,
				DF3947A820331F0E0018CD00 /* Products */,
			);
			sourceTree = "<group>";
		};
		DF3947A820331F0E0018CD00 /* Products */ = {
			isa = PBXGroup;
			children = (
				DF3947A720331F0E0018CD00 /* SingelViewApp.app */,
				DF3947BE20331F0E0018CD00 /* SingelViewAppTests.xctest */,
			);
			name = Products;
			sourceTree = "<group>";
		};
		DF3947A920331F0E0018CD00 /* SingelViewApp */ = {
			isa = PBXGroup;
			children = (
				DF3947AA20331F0E0018CD00 /* AppDelegate.swift */,
				DF3947AC20331F0E0018CD00 /* ViewController.swift */,
				DF3947AE20331F0E0018CD00 /* Main.storyboard */,
				DF3947B420331F0E0018CD00 /* Assets.xcassets */,
				DF3947B620331F0E0018CD00 /* LaunchScreen.storyboard */,
				DF3947B920331F0E0018CD00 /* Info.plist */,
				DF3947B120331F0E0018CD00 /* SingelViewApp.xcdatamodeld */,
			);
			path = SingelViewApp;
			sourceTree = "<group>";
		};
		DF3947C120331F0E0018CD00 /* SingelViewAppTests */ = {
			isa = PBXGroup;
			children = (
				DF3947C220331F0E0018CD00 /* SingelViewAppTests.swift */,
				DF3947C420331F0E0018CD00 /* Info.plist */,
			);
			path = SingelViewAppTests;
			sourceTree = "<group>";
		};
/* End PBXGroup section */

/* Begin PBXNativeTarget section */
		DF3947A620331F0E0018CD00 /* SingelViewApp */ = {
			isa = PBXNativeTarget;
			buildConfigurationList = DF3947C720331F0E0018CD00 /* Build configuration list for PBXNativeTarget "SingelViewApp" */;
			buildPhases = (
				DF3947A320331F0E0018CD00 /* Sources */,
				DF3947A420331F0E0018CD00 /* Frameworks */,
				DF3947A520331F0E0018CD00 /* Resources */,
			);
			buildRules = (
			);
			dependencies = (
			);
			name = SingelViewApp;
			productName = SingelViewApp;
			productReference = DF3947A720331F0E0018CD00 /* SingelViewApp.app */;
			productType = "com.apple.product-type.application";
		};
		DF3947BD20331F0E0018CD00 /* SingelViewAppTests */ = {
			isa = PBXNativeTarget;
			buildConfigurationList = DF3947CA20331F0E0018CD00 /* Build configuration list for PBXNativeTarget "SingelViewAppTests" */;
			buildPhases = (
				DF3947BA20331F0E0018CD00 /* Sources */,
				DF3947BB20331F0E0018CD00 /* Frameworks */,
				DF3947BC20331F0E0018CD00 /* Resources */,
			);
			buildRules = (
			);
			dependencies = (
				DF3947C020331F0E0018CD00 /* PBXTargetDependency */,
			);
			name = SingelViewAppTests;
			productName = SingelViewAppTests;
			productReference = DF3947BE20331F0E0018CD00 /* SingelViewAppTests.xctest */;
			productType = "com.apple.product-type.bundle.unit-test";
		};
/* End PBXNativeTarget section */

/* Begin PBXProject section */
		DF39479F20331F0E0018CD00 /* Project object */ = {
			isa = PBXProject;
			attributes = {
				LastSwiftUpdateCheck = 0920;
				LastUpgradeCheck = 0920;
				ORGANIZATIONNAME = mateszlanka;
				TargetAttributes = {
					DF3947A620331F0E0018CD00 = {
						CreatedOnToolsVersion = 9.2;
						ProvisioningStyle = Automatic;
					};
					DF3947BD20331F0E0018CD00 = {
						CreatedOnToolsVersion = 9.2;
						ProvisioningStyle = Automatic;
						TestTargetID = DF3947A620331F0E0018CD00;
					};
				};
			};
			buildConfigurationList = DF3947A220331F0E0018CD00 /* Build configuration list for PBXProject "SingelViewApp" */;
			compatibilityVersion = "Xcode 8.0";
			developmentRegion = en;
			hasScannedForEncodings = 0;
			knownRegions = (
				en,
				Base,
			);
			mainGroup = DF39479E20331F0E0018CD00;
			productRefGroup = DF3947A820331F0E0018CD00 /* Products */;
			projectDirPath = "";
			projectRoot = "";
			targets = (
				DF3947A620331F0E0018CD00 /* SingelViewApp */,
				DF3947BD20331F0E0018CD00 /* SingelViewAppTests */,
			);
		};
/* End PBXProject section */

/* Begin PBXResourcesBuildPhase section */
		DF3947A520331F0E0018CD00 /* Resources */ = {
			isa = PBXResourcesBuildPhase;
			buildActionMask = 2147483647;
			files = (
				DF3947B820331F0E0018CD00 /* LaunchScreen.storyboard in Resources */,
				DF3947B520331F0E0018CD00 /* Assets.xcassets in Resources */,
				DF3947B020331F0E0018CD00 /* Main.storyboard in Resources */,
			);
			runOnlyForDeploymentPostprocessing = 0;
		};
		DF3947BC20331F0E0018CD00 /* Resources */ = {
			isa = PBXResourcesBuildPhase;
			buildActionMask = 2147483647;
			files = (
			);
			runOnlyForDeploymentPostprocessing = 0;
		};
/* End PBXResourcesBuildPhase section */

/* Begin PBXSourcesBuildPhase section */
		DF3947A320331F0E0018CD00 /* Sources */ = {
			isa = PBXSourcesBuildPhase;
			buildActionMask = 2147483647;
			files = (
				DF3947AD20331F0E0018CD00 /* ViewController.swift in Sources */,
				DF3947B320331F0E0018CD00 /* SingelViewApp.xcdatamodeld in Sources */,
				DF3947AB20331F0E0018CD00 /* AppDelegate.swift in Sources */,
			);
			runOnlyForDeploymentPostprocessing = 0;
		};
		DF3947BA20331F0E0018CD00 /* Sources */ = {
			isa = PBXSourcesBuildPhase;
			buildActionMask = 2147483647;
			files = (
				DF3947C320331F0E0018CD00 /* SingelViewAppTests.swift in Sources */,
			);
			runOnlyForDeploymentPostprocessing = 0;
		};
/* End PBXSourcesBuildPhase section */

/* Begin PBXTargetDependency section */
		DF3947C020331F0E0018CD00 /* PBXTargetDependency */ = {
			isa = PBXTargetDependency;
			target = DF3947A620331F0E0018CD00 /* SingelViewApp */;
			targetProxy = DF3947BF20331F0E0018CD00 /* PBXContainerItemProxy */;
		};
/* End PBXTargetDependency section */

/* Begin PBXVariantGroup section */
		DF3947AE20331F0E0018CD00 /* Main.storyboard */ = {
			isa = PBXVariantGroup;
			children = (
				DF3947AF20331F0E0018CD00 /* Base */,
			);
			name = Main.storyboard;
			sourceTree = "<group>";
		};
		DF3947B620331F0E0018CD00 /* LaunchScreen.storyboard */ = {
			isa = PBXVariantGroup;
			children = (
				DF3947B720331F0E0018CD00 /* Base */,
			);
			name = LaunchScreen.storyboard;
			sourceTree = "<group>";
		};
/* End PBXVariantGroup section */

/* Begin XCBuildConfiguration section */
		DF3947C520331F0E0018CD00 /* Debug */ = {
			isa = XCBuildConfiguration;
			buildSettings = {
				ALWAYS_SEARCH_USER_PATHS = NO;
				CLANG_ANALYZER_NONNULL = YES;
				CLANG_ANALYZER_NUMBER_OBJECT_CONVERSION = YES_AGGRESSIVE;
				CLANG_CXX_LANGUAGE_STANDARD = "gnu++14";
				CLANG_CXX_LIBRARY = "libc++";
				CLANG_ENABLE_MODULES = YES;
				CLANG_ENABLE_OBJC_ARC = YES;
				CLANG_WARN_BLOCK_CAPTURE_AUTORELEASING = YES;
				CLANG_WARN_BOOL_CONVERSION = YES;
				CLANG_WARN_COMMA = YES;
				CLANG_WARN_CONSTANT_CONVERSION = YES;
				CLANG_WARN_DIRECT_OBJC_ISA_USAGE = YES_ERROR;
				CLANG_WARN_DOCUMENTATION_COMMENTS = YES;
				CLANG_WARN_EMPTY_BODY = YES;
				CLANG_WARN_ENUM_CONVERSION = YES;
				CLANG_WARN_INFINITE_RECURSION = YES;
				CLANG_WARN_INT_CONVERSION = YES;
				CLANG_WARN_NON_LITERAL_NULL_CONVERSION = YES;
				CLANG_WARN_OBJC_LITERAL_CONVERSION = YES;
				CLANG_WARN_OBJC_ROOT_CLASS = YES_ERROR;
				CLANG_WARN_RANGE_LOOP_ANALYSIS = YES;
				CLANG_WARN_STRICT_PROTOTYPES = YES;
				CLANG_WARN_SUSPICIOUS_MOVE = YES;
				CLANG_WARN_UNGUARDED_AVAILABILITY = YES_AGGRESSIVE;
				CLANG_WARN_UNREACHABLE_CODE = YES;
				CLANG_WARN__DUPLICATE_METHOD_MATCH = YES;
				CODE_SIGN_IDENTITY = "iPhone Developer";
				COPY_PHASE_STRIP = NO;
				DEBUG_INFORMATION_FORMAT = dwarf;
				ENABLE_STRICT_OBJC_MSGSEND = YES;
				ENABLE_TESTABILITY = YES;
				GCC_C_LANGUAGE_STANDARD = gnu11;
				GCC_DYNAMIC_NO_PIC = NO;
				GCC_NO_COMMON_BLOCKS = YES;
				GCC_OPTIMIZATION_LEVEL = 0;
				GCC_PREPROCESSOR_DEFINITIONS = (
					"DEBUG=1",
					"$(inherited)",
				);
				GCC_WARN_64_TO_32_BIT_CONVERSION = YES;
				GCC_WARN_ABOUT_RETURN_TYPE = YES_ERROR;
				GCC_WARN_UNDECLARED_SELECTOR = YES;
				GCC_WARN_UNINITIALIZED_AUTOS = YES_AGGRESSIVE;
				GCC_WARN_UNUSED_FUNCTION = YES;
				GCC_WARN_UNUSED_VARIABLE = YES;
				IPHONEOS_DEPLOYMENT_TARGET = 11.2;
				MTL_ENABLE_DEBUG_INFO = YES;
				ONLY_ACTIVE_ARCH = YES;
				SDKROOT = iphoneos;
				SWIFT_ACTIVE_COMPILATION_CONDITIONS = DEBUG;
				SWIFT_OPTIMIZATION_LEVEL = "-Onone";
			};
			name = Debug;
		};
		DF3947C620331F0E0018CD00 /* Release */ = {
			isa = XCBuildConfiguration;
			buildSettings = {
				ALWAYS_SEARCH_USER_PATHS = NO;
				CLANG_ANALYZER_NONNULL = YES;
				CLANG_ANALYZER_NUMBER_OBJECT_CONVERSION = YES_AGGRESSIVE;
				CLANG_CXX_LANGUAGE_STANDARD = "gnu++14";
				CLANG_CXX_LIBRARY = "libc++";
				CLANG_ENABLE_MODULES = YES;
				CLANG_ENABLE_OBJC_ARC = YES;
				CLANG_WARN_BLOCK_CAPTURE_AUTORELEASING = YES;
				CLANG_WARN_BOOL_CONVERSION = YES;
				CLANG_WARN_COMMA = YES;
				CLANG_WARN_CONSTANT_CONVERSION = YES;
				CLANG_WARN_DIRECT_OBJC_ISA_USAGE = YES_ERROR;
				CLANG_WARN_DOCUMENTATION_COMMENTS = YES;
				CLANG_WARN_EMPTY_BODY = YES;
				CLANG_WARN_ENUM_CONVERSION = YES;
				CLANG_WARN_INFINITE_RECURSION = YES;
				CLANG_WARN_INT_CONVERSION = YES;
				CLANG_WARN_NON_LITERAL_NULL_CONVERSION = YES;
				CLANG_WARN_OBJC_LITERAL_CONVERSION = YES;
				CLANG_WARN_OBJC_ROOT_CLASS = YES_ERROR;
				CLANG_WARN_RANGE_LOOP_ANALYSIS = YES;
				CLANG_WARN_STRICT_PROTOTYPES = YES;
				CLANG_WARN_SUSPICIOUS_MOVE = YES;
				CLANG_WARN_UNGUARDED_AVAILABILITY = YES_AGGRESSIVE;
				CLANG_WARN_UNREACHABLE_CODE = YES;
				CLANG_WARN__DUPLICATE_METHOD_MATCH = YES;
				CODE_SIGN_IDENTITY = "iPhone Developer";
				COPY_PHASE_STRIP = NO;
				DEBUG_INFORMATION_FORMAT = "dwarf-with-dsym";
				ENABLE_NS_ASSERTIONS = NO;
				ENABLE_STRICT_OBJC_MSGSEND = YES;
				GCC_C_LANGUAGE_STANDARD = gnu11;
				GCC_NO_COMMON_BLOCKS = YES;
				GCC_WARN_64_TO_32_BIT_CONVERSION = YES;
				GCC_WARN_ABOUT_RETURN_TYPE = YES_ERROR;
				GCC_WARN_UNDECLARED_SELECTOR = YES;
				GCC_WARN_UNINITIALIZED_AUTOS = YES_AGGRESSIVE;
				GCC_WARN_UNUSED_FUNCTION = YES;
				GCC_WARN_UNUSED_VARIABLE = YES;
				IPHONEOS_DEPLOYMENT_TARGET = 11.2;
				MTL_ENABLE_DEBUG_INFO = NO;
				SDKROOT = iphoneos;
				SWIFT_OPTIMIZATION_LEVEL = "-Owholemodule";
				VALIDATE_PRODUCT = YES;
			};
			name = Release;
		};
		DF3947C820331F0E0018CD00 /* Debug */ = {
			isa = XCBuildConfiguration;
			buildSettings = {
				ASSETCATALOG_COMPILER_APPICON_NAME = AppIcon;
				CODE_SIGN_STYLE = Automatic;
				DEVELOPMENT_TEAM = QWY464993Z;
				INFOPLIST_FILE = SingelViewApp/Info.plist;
				LD_RUNPATH_SEARCH_PATHS = "$(inherited) @executable_path/Frameworks";
				PRODUCT_BUNDLE_IDENTIFIER = com.mateszlanka.SingelViewApp;
				PRODUCT_NAME = "$(TARGET_NAME)";
				SWIFT_VERSION = 4.0;
				TARGETED_DEVICE_FAMILY = "1,2";
			};
			name = Debug;
		};
		DF3947C920331F0E0018CD00 /* Release */ = {
			isa = XCBuildConfiguration;
			buildSettings = {
				ASSETCATALOG_COMPILER_APPICON_NAME = AppIcon;
				CODE_SIGN_STYLE = Automatic;
				DEVELOPMENT_TEAM = QWY464993Z;
				INFOPLIST_FILE = SingelViewApp/Info.plist;
				LD_RUNPATH_SEARCH_PATHS = "$(inherited) @executable_path/Frameworks";
				PRODUCT_BUNDLE_IDENTIFIER = com.mateszlanka.SingelViewApp;
				PRODUCT_NAME = "$(TARGET_NAME)";
				SWIFT_VERSION = 4.0;
				TARGETED_DEVICE_FAMILY = "1,2";
			};
			name = Release;
		};
		DF3947CB20331F0E0018CD00 /* Debug */ = {
			isa = XCBuildConfiguration;
			buildSettings = {
				ALWAYS_EMBED_SWIFT_STANDARD_LIBRARIES = YES;
				BUNDLE_LOADER = "$(TEST_HOST)";
				CODE_SIGN_STYLE = Automatic;
				DEVELOPMENT_TEAM = QWY464993Z;
				INFOPLIST_FILE = SingelViewAppTests/Info.plist;
				LD_RUNPATH_SEARCH_PATHS = "$(inherited) @executable_path/Frameworks @loader_path/Frameworks";
				PRODUCT_BUNDLE_IDENTIFIER = com.mateszlanka.SingelViewAppTests;
				PRODUCT_NAME = "$(TARGET_NAME)";
				SWIFT_VERSION = 4.0;
				TARGETED_DEVICE_FAMILY = "1,2";
				TEST_HOST = "$(BUILT_PRODUCTS_DIR)/SingelViewApp.app/SingelViewApp";
			};
			name = Debug;
		};
		DF3947CC20331F0E0018CD00 /* Release */ = {
			isa = XCBuildConfiguration;
			buildSettings = {
				ALWAYS_EMBED_SWIFT_STANDARD_LIBRARIES = YES;
				BUNDLE_LOADER = "$(TEST_HOST)";
				CODE_SIGN_STYLE = Automatic;
				DEVELOPMENT_TEAM = QWY464993Z;
				INFOPLIST_FILE = SingelViewAppTests/Info.plist;
				LD_RUNPATH_SEARCH_PATHS = "$(inherited) @executable_path/Frameworks @loader_path/Frameworks";
				PRODUCT_BUNDLE_IDENTIFIER = com.mateszlanka.SingelViewAppTests;
				PRODUCT_NAME = "$(TARGET_NAME)";
				SWIFT_VERSION = 4.0;
				TARGETED_DEVICE_FAMILY = "1,2";
				TEST_HOST = "$(BUILT_PRODUCTS_DIR)/SingelViewApp.app/SingelViewApp";
			};
			name = Release;
		};
/* End XCBuildConfiguration section */

/* Begin XCConfigurationList section */
		DF3947A220331F0E0018CD00 /* Build configuration list for PBXProject "SingelViewApp" */ = {
			isa = XCConfigurationList;
			buildConfigurations = (
				DF3947C520331F0E0018CD00 /* Debug */,
				DF3947C620331F0E0018CD00 /* Release */,
			);
			defaultConfigurationIsVisible = 0;
			defaultConfigurationName = Release;
		};
		DF3947C720331F0E0018CD00 /* Build configuration list for PBXNativeTarget "SingelViewApp" */ = {
			isa = XCConfigurationList;
			buildConfigurations = (
				DF3947C820331F0E0018CD00 /* Debug */,
				DF3947C920331F0E0018CD00 /* Release */,
			);
			defaultConfigurationIsVisible = 0;
			defaultConfigurationName = Release;
		};
		DF3947CA20331F0E0018CD00 /* Build configuration list for PBXNativeTarget "SingelViewAppTests" */ = {
			isa = XCConfigurationList;
			buildConfigurations = (
				DF3947CB20331F0E0018CD00 /* Debug */,
				DF3947CC20331F0E0018CD00 /* Release */,
			);
			defaultConfigurationIsVisible = 0;
			defaultConfigurationName = Release;
		};
/* End XCConfigurationList section */

/* Begin XCVersionGroup section */
		DF3947B120331F0E0018CD00 /* SingelViewApp.xcdatamodeld */ = {
			isa = XCVersionGroup;
			children = (
				DF3947B220331F0E0018CD00 /* SingelViewApp.xcdatamodel */,
			);
			currentVersion = DF3947B220331F0E0018CD00 /* SingelViewApp.xcdatamodel */;
			path = SingelViewApp.xcdatamodeld;
			sourceTree = "<group>";
			versionGroupType = wrapper.xcdatamodel;
		};
/* End XCVersionGroup section */
	};
	rootObject = DF39479F20331F0E0018CD00 /* Project object */;
}
